{
  "name": "firewall-node",
  "lockfileVersion": 3,
  "requires": true,
  "packages": {
    "": {
      "name": "firewall-node",
      "hasInstallScript": true,
      "devDependencies": {
        "astring": "^1.9.0",
        "follow-redirects": "^1.15.11",
        "oxc-parser": "^0.102.0",
        "oxc-transform": "^0.102.0",
        "oxc-walker": "^0.6.0",
        "prettier": "^3.2.4",
        "tar": "^7.5.1"
      }
    },
    "node_modules/@emnapi/core": {
      "version": "1.7.1",
      "resolved": "https://registry.npmjs.org/@emnapi/core/-/core-1.7.1.tgz",
      "integrity": "sha512-o1uhUASyo921r2XtHYOHy7gdkGLge8ghBEQHMWmyJFoXlpU58kIrhhN3w26lpQb6dspetweapMn2CSNwQ8I4wg==",
      "dev": true,
      "license": "MIT",
      "optional": true,
      "dependencies": {
        "@emnapi/wasi-threads": "1.1.0",
        "tslib": "^2.4.0"
      }
    },
    "node_modules/@emnapi/runtime": {
      "version": "1.7.1",
      "resolved": "https://registry.npmjs.org/@emnapi/runtime/-/runtime-1.7.1.tgz",
      "integrity": "sha512-PVtJr5CmLwYAU9PZDMITZoR5iAOShYREoR45EyyLrbntV50mdePTgUn4AmOw90Ifcj+x2kRjdzr1HP3RrNiHGA==",
      "dev": true,
      "license": "MIT",
      "optional": true,
      "dependencies": {
        "tslib": "^2.4.0"
      }
    },
    "node_modules/@emnapi/wasi-threads": {
      "version": "1.1.0",
      "resolved": "https://registry.npmjs.org/@emnapi/wasi-threads/-/wasi-threads-1.1.0.tgz",
      "integrity": "sha512-WI0DdZ8xFSbgMjR1sFsKABJ/C5OnRrjT06JXbZKexJGrDuPTzZdDYfFlsgcCXCyf+suG5QU2e/y1Wo2V/OapLQ==",
      "dev": true,
      "license": "MIT",
      "optional": true,
      "dependencies": {
        "tslib": "^2.4.0"
      }
    },
    "node_modules/@isaacs/fs-minipass": {
      "version": "4.0.1",
      "resolved": "https://registry.npmjs.org/@isaacs/fs-minipass/-/fs-minipass-4.0.1.tgz",
      "integrity": "sha512-wgm9Ehl2jpeqP3zw/7mo3kRHFp5MEDhqAdwy1fTGkHAwnkGOVsgpvQhL8B5n1qlb01jV3n/bI0ZfZp5lWA1k4w==",
      "dev": true,
      "license": "ISC",
      "dependencies": {
        "minipass": "^7.0.4"
      },
      "engines": {
        "node": ">=18.0.0"
      }
    },
    "node_modules/@jridgewell/gen-mapping": {
      "version": "0.3.13",
      "resolved": "https://registry.npmjs.org/@jridgewell/gen-mapping/-/gen-mapping-0.3.13.tgz",
      "integrity": "sha512-2kkt/7niJ6MgEPxF0bYdQ6etZaA+fQvDcLKckhy1yIQOzaoKjBBjSj63/aLVjYE3qhRt5dvM+uUyfCg6UKCBbA==",
      "dev": true,
      "license": "MIT",
      "dependencies": {
        "@jridgewell/sourcemap-codec": "^1.5.0",
        "@jridgewell/trace-mapping": "^0.3.24"
      }
    },
    "node_modules/@jridgewell/remapping": {
      "version": "2.3.5",
      "resolved": "https://registry.npmjs.org/@jridgewell/remapping/-/remapping-2.3.5.tgz",
      "integrity": "sha512-LI9u/+laYG4Ds1TDKSJW2YPrIlcVYOwi2fUC6xB43lueCjgxV4lffOCZCtYFiH6TNOX+tQKXx97T4IKHbhyHEQ==",
      "dev": true,
      "license": "MIT",
      "dependencies": {
        "@jridgewell/gen-mapping": "^0.3.5",
        "@jridgewell/trace-mapping": "^0.3.24"
      }
    },
    "node_modules/@jridgewell/resolve-uri": {
      "version": "3.1.2",
      "resolved": "https://registry.npmjs.org/@jridgewell/resolve-uri/-/resolve-uri-3.1.2.tgz",
      "integrity": "sha512-bRISgCIjP20/tbWSPWMEi54QVPRZExkuD9lJL+UIxUKtwVJA8wW1Trb1jMs1RFXo1CBTNZ/5hpC9QvmKWdopKw==",
      "dev": true,
      "license": "MIT",
      "engines": {
        "node": ">=6.0.0"
      }
    },
    "node_modules/@jridgewell/sourcemap-codec": {
      "version": "1.5.5",
      "resolved": "https://registry.npmjs.org/@jridgewell/sourcemap-codec/-/sourcemap-codec-1.5.5.tgz",
      "integrity": "sha512-cYQ9310grqxueWbl+WuIUIaiUaDcj7WOq5fVhEljNVgRfOUhY9fy2zTvfoqWsnebh8Sl70VScFbICvJnLKB0Og==",
      "dev": true,
      "license": "MIT"
    },
    "node_modules/@jridgewell/trace-mapping": {
      "version": "0.3.31",
      "resolved": "https://registry.npmjs.org/@jridgewell/trace-mapping/-/trace-mapping-0.3.31.tgz",
      "integrity": "sha512-zzNR+SdQSDJzc8joaeP8QQoCQr8NuYx2dIIytl1QeBEZHJ9uW6hebsrYgbz8hJwUQao3TWCMtmfV8Nu1twOLAw==",
      "dev": true,
      "license": "MIT",
      "dependencies": {
        "@jridgewell/resolve-uri": "^3.1.0",
        "@jridgewell/sourcemap-codec": "^1.4.14"
      }
    },
    "node_modules/@napi-rs/wasm-runtime": {
      "version": "1.1.0",
      "resolved": "https://registry.npmjs.org/@napi-rs/wasm-runtime/-/wasm-runtime-1.1.0.tgz",
      "integrity": "sha512-Fq6DJW+Bb5jaWE69/qOE0D1TUN9+6uWhCeZpdnSBk14pjLcCWR7Q8n49PTSPHazM37JqrsdpEthXy2xn6jWWiA==",
      "dev": true,
      "license": "MIT",
      "optional": true,
      "dependencies": {
        "@emnapi/core": "^1.7.1",
        "@emnapi/runtime": "^1.7.1",
        "@tybys/wasm-util": "^0.10.1"
      }
    },
    "node_modules/@oxc-parser/binding-android-arm64": {
      "version": "0.102.0",
      "resolved": "https://registry.npmjs.org/@oxc-parser/binding-android-arm64/-/binding-android-arm64-0.102.0.tgz",
      "integrity": "sha512-pD2if3w3cxPvYbsBSTbhxAYGDaG6WVwnqYG0mYRQ142D6SJ6BpNs7YVQrqpRA2AJQCmzaPP5TRp/koFLebagfQ==",
      "cpu": [
        "arm64"
      ],
      "dev": true,
      "license": "MIT",
      "optional": true,
      "os": [
        "android"
      ],
      "engines": {
        "node": "^20.19.0 || >=22.12.0"
      }
    },
    "node_modules/@oxc-parser/binding-darwin-arm64": {
      "version": "0.102.0",
      "resolved": "https://registry.npmjs.org/@oxc-parser/binding-darwin-arm64/-/binding-darwin-arm64-0.102.0.tgz",
      "integrity": "sha512-RzMN6f6MrjjpQC2Dandyod3iOscofYBpHaTecmoRRbC5sJMwsurkqUMHzoJX9F6IM87kn8m/JcClnoOfx5Sesw==",
      "cpu": [
        "arm64"
      ],
      "dev": true,
      "license": "MIT",
      "optional": true,
      "os": [
        "darwin"
      ],
      "engines": {
        "node": "^20.19.0 || >=22.12.0"
      }
    },
    "node_modules/@oxc-parser/binding-darwin-x64": {
      "version": "0.102.0",
      "resolved": "https://registry.npmjs.org/@oxc-parser/binding-darwin-x64/-/binding-darwin-x64-0.102.0.tgz",
      "integrity": "sha512-Sr2/3K6GEcejY+HgWp5HaxRPzW5XHe9IfGKVn9OhLt8fzVLnXbK5/GjXj7JjMCNKI3G3ZPZDG2Dgm6CX3MaHCA==",
      "cpu": [
        "x64"
      ],
      "dev": true,
      "license": "MIT",
      "optional": true,
      "os": [
        "darwin"
      ],
      "engines": {
        "node": "^20.19.0 || >=22.12.0"
      }
    },
    "node_modules/@oxc-parser/binding-freebsd-x64": {
      "version": "0.102.0",
      "resolved": "https://registry.npmjs.org/@oxc-parser/binding-freebsd-x64/-/binding-freebsd-x64-0.102.0.tgz",
      "integrity": "sha512-s9F2N0KJCGEpuBW6ChpFfR06m2Id9ReaHSl8DCca4HvFNt8SJFPp8fq42n2PZy68rtkremQasM0JDrK2BoBeBQ==",
      "cpu": [
        "x64"
      ],
      "dev": true,
      "license": "MIT",
      "optional": true,
      "os": [
        "freebsd"
      ],
      "engines": {
        "node": "^20.19.0 || >=22.12.0"
      }
    },
    "node_modules/@oxc-parser/binding-linux-arm-gnueabihf": {
      "version": "0.102.0",
      "resolved": "https://registry.npmjs.org/@oxc-parser/binding-linux-arm-gnueabihf/-/binding-linux-arm-gnueabihf-0.102.0.tgz",
      "integrity": "sha512-zRCIOWzLbqhfY4g8KIZDyYfO2Fl5ltxdQI1v2GlePj66vFWRl8cf4qcBGzxKfsH3wCZHAhmWd1Ht59mnrfH/UQ==",
      "cpu": [
        "arm"
      ],
      "dev": true,
      "license": "MIT",
      "optional": true,
      "os": [
        "linux"
      ],
      "engines": {
        "node": "^20.19.0 || >=22.12.0"
      }
    },
    "node_modules/@oxc-parser/binding-linux-arm64-gnu": {
      "version": "0.102.0",
      "resolved": "https://registry.npmjs.org/@oxc-parser/binding-linux-arm64-gnu/-/binding-linux-arm64-gnu-0.102.0.tgz",
      "integrity": "sha512-5n5RbHgfjulRhKB0pW5p0X/NkQeOpI4uI9WHgIZbORUDATGFC8yeyPA6xYGEs+S3MyEAFxl4v544UEIWwqAgsA==",
      "cpu": [
        "arm64"
      ],
      "dev": true,
      "license": "MIT",
      "optional": true,
      "os": [
        "linux"
      ],
      "engines": {
        "node": "^20.19.0 || >=22.12.0"
      }
    },
    "node_modules/@oxc-parser/binding-linux-arm64-musl": {
      "version": "0.102.0",
      "resolved": "https://registry.npmjs.org/@oxc-parser/binding-linux-arm64-musl/-/binding-linux-arm64-musl-0.102.0.tgz",
      "integrity": "sha512-/XWcmglH/VJ4yKAGTLRgPKSSikh3xciNxkwGiURt8dS30b+3pwc4ZZmudMu0tQ3mjSu0o7V9APZLMpbHK8Bp5w==",
      "cpu": [
        "arm64"
      ],
      "dev": true,
      "license": "MIT",
      "optional": true,
      "os": [
        "linux"
      ],
      "engines": {
        "node": "^20.19.0 || >=22.12.0"
      }
    },
    "node_modules/@oxc-parser/binding-linux-riscv64-gnu": {
      "version": "0.102.0",
      "resolved": "https://registry.npmjs.org/@oxc-parser/binding-linux-riscv64-gnu/-/binding-linux-riscv64-gnu-0.102.0.tgz",
      "integrity": "sha512-2jtIq4nswvy6xdqv1ndWyvVlaRpS0yqomLCvvHdCFx3pFXo5Aoq4RZ39kgvFWrbAtpeYSYeAGFnwgnqjx9ftdw==",
      "cpu": [
        "riscv64"
      ],
      "dev": true,
      "license": "MIT",
      "optional": true,
      "os": [
        "linux"
      ],
      "engines": {
        "node": "^20.19.0 || >=22.12.0"
      }
    },
    "node_modules/@oxc-parser/binding-linux-s390x-gnu": {
      "version": "0.102.0",
      "resolved": "https://registry.npmjs.org/@oxc-parser/binding-linux-s390x-gnu/-/binding-linux-s390x-gnu-0.102.0.tgz",
      "integrity": "sha512-Yp6HX/574mvYryiqj0jNvNTJqo4pdAsNP2LPBTxlDQ1cU3lPd7DUA4MQZadaeLI8+AGB2Pn50mPuPyEwFIxeFg==",
      "cpu": [
        "s390x"
      ],
      "dev": true,
      "license": "MIT",
      "optional": true,
      "os": [
        "linux"
      ],
      "engines": {
        "node": "^20.19.0 || >=22.12.0"
      }
    },
    "node_modules/@oxc-parser/binding-linux-x64-gnu": {
      "version": "0.102.0",
      "resolved": "https://registry.npmjs.org/@oxc-parser/binding-linux-x64-gnu/-/binding-linux-x64-gnu-0.102.0.tgz",
      "integrity": "sha512-R4b0xZpDRhoNB2XZy0kLTSYm0ZmWeKjTii9fcv1Mk3/SIGPrrglwt4U6zEtwK54Dfi4Bve5JnQYduigR/gyDzw==",
      "cpu": [
        "x64"
      ],
      "dev": true,
      "license": "MIT",
      "optional": true,
      "os": [
        "linux"
      ],
      "engines": {
        "node": "^20.19.0 || >=22.12.0"
      }
    },
    "node_modules/@oxc-parser/binding-linux-x64-musl": {
      "version": "0.102.0",
      "resolved": "https://registry.npmjs.org/@oxc-parser/binding-linux-x64-musl/-/binding-linux-x64-musl-0.102.0.tgz",
      "integrity": "sha512-xM5A+03Ti3jvWYZoqaBRS3lusvnvIQjA46Fc9aBE/MHgvKgHSkrGEluLWg/33QEwBwxupkH25Pxc1yu97oZCtg==",
      "cpu": [
        "x64"
      ],
      "dev": true,
      "license": "MIT",
      "optional": true,
      "os": [
        "linux"
      ],
      "engines": {
        "node": "^20.19.0 || >=22.12.0"
      }
    },
    "node_modules/@oxc-parser/binding-openharmony-arm64": {
      "version": "0.102.0",
      "resolved": "https://registry.npmjs.org/@oxc-parser/binding-openharmony-arm64/-/binding-openharmony-arm64-0.102.0.tgz",
      "integrity": "sha512-AieLlsliblyaTFq7Iw9Nc618tgwV02JT4fQ6VIUd/3ZzbluHIHfPjIXa6Sds+04krw5TvCS8lsegtDYAyzcyhg==",
      "cpu": [
        "arm64"
      ],
      "dev": true,
      "license": "MIT",
      "optional": true,
      "os": [
        "openharmony"
      ],
      "engines": {
        "node": "^20.19.0 || >=22.12.0"
      }
    },
    "node_modules/@oxc-parser/binding-wasm32-wasi": {
      "version": "0.102.0",
      "resolved": "https://registry.npmjs.org/@oxc-parser/binding-wasm32-wasi/-/binding-wasm32-wasi-0.102.0.tgz",
      "integrity": "sha512-w6HRyArs1PBb9rDsQSHlooe31buUlUI2iY8sBzp62jZ1tmvaJo9EIVTQlRNDkwJmk9DF9uEyIJ82EkZcCZTs9A==",
      "cpu": [
        "wasm32"
      ],
      "dev": true,
      "license": "MIT",
      "optional": true,
      "dependencies": {
        "@napi-rs/wasm-runtime": "^1.1.0"
      },
      "engines": {
        "node": ">=14.0.0"
      }
    },
    "node_modules/@oxc-parser/binding-win32-arm64-msvc": {
      "version": "0.102.0",
      "resolved": "https://registry.npmjs.org/@oxc-parser/binding-win32-arm64-msvc/-/binding-win32-arm64-msvc-0.102.0.tgz",
      "integrity": "sha512-pqP5UuLiiFONQxqGiUFMdsfybaK1EOK4AXiPlvOvacLaatSEPObZGpyCkAcj9aZcvvNwYdeY9cxGM9IT3togaA==",
      "cpu": [
        "arm64"
      ],
      "dev": true,
      "license": "MIT",
      "optional": true,
      "os": [
        "win32"
      ],
      "engines": {
        "node": "^20.19.0 || >=22.12.0"
      }
    },
    "node_modules/@oxc-parser/binding-win32-x64-msvc": {
      "version": "0.102.0",
      "resolved": "https://registry.npmjs.org/@oxc-parser/binding-win32-x64-msvc/-/binding-win32-x64-msvc-0.102.0.tgz",
      "integrity": "sha512-ntMcL35wuLR1A145rLSmm7m7j8JBZGkROoB9Du0KFIFcfi/w1qk75BdCeiTl3HAKrreAnuhW3QOGs6mJhntowA==",
      "cpu": [
        "x64"
      ],
      "dev": true,
      "license": "MIT",
      "optional": true,
      "os": [
        "win32"
      ],
      "engines": {
        "node": "^20.19.0 || >=22.12.0"
      }
    },
    "node_modules/@oxc-project/types": {
      "version": "0.102.0",
      "resolved": "https://registry.npmjs.org/@oxc-project/types/-/types-0.102.0.tgz",
      "integrity": "sha512-8Skrw405g+/UJPKWJ1twIk3BIH2nXdiVlVNtYT23AXVwpsd79es4K+KYt06Fbnkc5BaTvk/COT2JuCLYdwnCdA==",
      "dev": true,
      "license": "MIT",
      "funding": {
        "url": "https://github.com/sponsors/Boshen"
      }
    },
    "node_modules/@oxc-transform/binding-android-arm64": {
      "version": "0.102.0",
      "resolved": "https://registry.npmjs.org/@oxc-transform/binding-android-arm64/-/binding-android-arm64-0.102.0.tgz",
      "integrity": "sha512-JLBT7EiExsGmB6LuBBnm6qTfg0rLSxBU+F7xjqy6UXYpL7zhqelGJL7IAq6Pu5UYFT55zVlXXmgzLOXQfpQjXA==",
      "cpu": [
        "arm64"
      ],
      "dev": true,
      "license": "MIT",
      "optional": true,
      "os": [
        "android"
      ],
      "engines": {
        "node": "^20.19.0 || >=22.12.0"
      }
    },
    "node_modules/@oxc-transform/binding-darwin-arm64": {
      "version": "0.102.0",
      "resolved": "https://registry.npmjs.org/@oxc-transform/binding-darwin-arm64/-/binding-darwin-arm64-0.102.0.tgz",
      "integrity": "sha512-xmsBCk/NwE0khy8h6wLEexiS5abCp1ZqJUNHsAovJdGgIW21oGwhiC3VYg1vNLbq+zEXwOHuphVuNEYfBwyNTw==",
      "cpu": [
        "arm64"
      ],
      "dev": true,
      "license": "MIT",
      "optional": true,
      "os": [
        "darwin"
      ],
      "engines": {
        "node": "^20.19.0 || >=22.12.0"
      }
    },
    "node_modules/@oxc-transform/binding-darwin-x64": {
      "version": "0.102.0",
      "resolved": "https://registry.npmjs.org/@oxc-transform/binding-darwin-x64/-/binding-darwin-x64-0.102.0.tgz",
      "integrity": "sha512-EhBsiq8hSd5BRjlWACB9MxTUiZT2He1s1b3tRP8k3lB8ZTt6sXnDXIWhxRmmM0h//xe6IJ2HuMlbvjXPo/tATg==",
      "cpu": [
        "x64"
      ],
      "dev": true,
      "license": "MIT",
      "optional": true,
      "os": [
        "darwin"
      ],
      "engines": {
        "node": "^20.19.0 || >=22.12.0"
      }
    },
    "node_modules/@oxc-transform/binding-freebsd-x64": {
      "version": "0.102.0",
      "resolved": "https://registry.npmjs.org/@oxc-transform/binding-freebsd-x64/-/binding-freebsd-x64-0.102.0.tgz",
      "integrity": "sha512-eujvuYf0x7BFgKyFecbXUa2JBEXT4Ss6vmyrrhVdN07jaeJRiobaKAmeNXBkanoWL2KQLELJbSBgs1ykWYTkzg==",
      "cpu": [
        "x64"
      ],
      "dev": true,
      "license": "MIT",
      "optional": true,
      "os": [
        "freebsd"
      ],
      "engines": {
        "node": "^20.19.0 || >=22.12.0"
      }
    },
    "node_modules/@oxc-transform/binding-linux-arm-gnueabihf": {
      "version": "0.102.0",
      "resolved": "https://registry.npmjs.org/@oxc-transform/binding-linux-arm-gnueabihf/-/binding-linux-arm-gnueabihf-0.102.0.tgz",
      "integrity": "sha512-2x7Ro356PHBVp1SS/dOsHBSnrfs5MlPYwhdKg35t6qixt2bv1kzEH0tDmn4TNEbdjOirmvOXoCTEWUvh8A4f4Q==",
      "cpu": [
        "arm"
      ],
      "dev": true,
      "license": "MIT",
      "optional": true,
      "os": [
        "linux"
      ],
      "engines": {
        "node": "^20.19.0 || >=22.12.0"
      }
    },
    "node_modules/@oxc-transform/binding-linux-arm64-gnu": {
      "version": "0.102.0",
      "resolved": "https://registry.npmjs.org/@oxc-transform/binding-linux-arm64-gnu/-/binding-linux-arm64-gnu-0.102.0.tgz",
      "integrity": "sha512-Rz/RbPvT4QwcHKIQ/cOt6Lwl4c7AhK2b6whZfyL6oJ7Uz8UiVl1BCwk8thedrB5h+FEykmaPHoriW1hmBev60g==",
      "cpu": [
        "arm64"
      ],
      "dev": true,
      "license": "MIT",
      "optional": true,
      "os": [
        "linux"
      ],
      "engines": {
        "node": "^20.19.0 || >=22.12.0"
      }
    },
    "node_modules/@oxc-transform/binding-linux-arm64-musl": {
      "version": "0.102.0",
      "resolved": "https://registry.npmjs.org/@oxc-transform/binding-linux-arm64-musl/-/binding-linux-arm64-musl-0.102.0.tgz",
      "integrity": "sha512-I08iWABrN7zakn3wuNIBWY3hALQGsDLPQbZT1mXws7tyiQqJNGe49uS0/O50QhX3KXj+mbRGsmjVXLXGJE1CVQ==",
      "cpu": [
        "arm64"
      ],
      "dev": true,
      "license": "MIT",
      "optional": true,
      "os": [
        "linux"
      ],
      "engines": {
        "node": "^20.19.0 || >=22.12.0"
      }
    },
    "node_modules/@oxc-transform/binding-linux-riscv64-gnu": {
      "version": "0.102.0",
      "resolved": "https://registry.npmjs.org/@oxc-transform/binding-linux-riscv64-gnu/-/binding-linux-riscv64-gnu-0.102.0.tgz",
      "integrity": "sha512-9+SYW1ARAF6Oj/82ayoqKRe8SI7O1qvzs3Y0kijvhIqAaaZWcFRjI5DToyWRAbnzTtHlMcSllZLXNYdmxBjFxA==",
      "cpu": [
        "riscv64"
      ],
      "dev": true,
      "license": "MIT",
      "optional": true,
      "os": [
        "linux"
      ],
      "engines": {
        "node": "^20.19.0 || >=22.12.0"
      }
    },
    "node_modules/@oxc-transform/binding-linux-s390x-gnu": {
      "version": "0.102.0",
      "resolved": "https://registry.npmjs.org/@oxc-transform/binding-linux-s390x-gnu/-/binding-linux-s390x-gnu-0.102.0.tgz",
      "integrity": "sha512-HV9nTyQw0TTKYPu+gBhaJBioomiM9O4LcGXi+s5IylCGG6imP0/U13q/9xJnP267QFmiWWqnnSFcv0QAWCyh8A==",
      "cpu": [
        "s390x"
      ],
      "dev": true,
      "license": "MIT",
      "optional": true,
      "os": [
        "linux"
      ],
      "engines": {
        "node": "^20.19.0 || >=22.12.0"
      }
    },
    "node_modules/@oxc-transform/binding-linux-x64-gnu": {
      "version": "0.102.0",
      "resolved": "https://registry.npmjs.org/@oxc-transform/binding-linux-x64-gnu/-/binding-linux-x64-gnu-0.102.0.tgz",
      "integrity": "sha512-4wcZ08mmdFk8OjsnglyeYGu5PW3TDh87AmcMOi7tZJ3cpJjfzwDfY27KTEUx6G880OpjAiF36OFSPwdKTKgp2g==",
      "cpu": [
        "x64"
      ],
      "dev": true,
      "license": "MIT",
      "optional": true,
      "os": [
        "linux"
      ],
      "engines": {
        "node": "^20.19.0 || >=22.12.0"
      }
    },
    "node_modules/@oxc-transform/binding-linux-x64-musl": {
      "version": "0.102.0",
      "resolved": "https://registry.npmjs.org/@oxc-transform/binding-linux-x64-musl/-/binding-linux-x64-musl-0.102.0.tgz",
      "integrity": "sha512-rUHZSZBw0FUnUgOhL/Rs7xJz9KjH2eFur/0df6Lwq/isgJc/ggtBtFoZ+y4Fb8ON87a3Y2gS2LT7SEctX0XdPQ==",
      "cpu": [
        "x64"
      ],
      "dev": true,
      "license": "MIT",
      "optional": true,
      "os": [
        "linux"
      ],
      "engines": {
        "node": "^20.19.0 || >=22.12.0"
      }
    },
    "node_modules/@oxc-transform/binding-openharmony-arm64": {
      "version": "0.102.0",
      "resolved": "https://registry.npmjs.org/@oxc-transform/binding-openharmony-arm64/-/binding-openharmony-arm64-0.102.0.tgz",
      "integrity": "sha512-98y4tccTQ/pA+r2KA/MEJIZ7J8TNTJ4aCT4rX8kWK4pGOko2YsfY3Ru9DVHlLDwmVj7wP8Z4JNxdBrAXRvK+0g==",
      "cpu": [
        "arm64"
      ],
      "dev": true,
      "license": "MIT",
      "optional": true,
      "os": [
        "openharmony"
      ],
      "engines": {
        "node": "^20.19.0 || >=22.12.0"
      }
    },
    "node_modules/@oxc-transform/binding-wasm32-wasi": {
      "version": "0.102.0",
      "resolved": "https://registry.npmjs.org/@oxc-transform/binding-wasm32-wasi/-/binding-wasm32-wasi-0.102.0.tgz",
      "integrity": "sha512-M6myOXxHty3L2TJEB1NlJPtQm0c0LmivAxcGv/+DSDadOoB/UnOUbjM8W2Utlh5IYS9ARSOjqHtBiPYLWJ15XA==",
      "cpu": [
        "wasm32"
      ],
      "dev": true,
      "license": "MIT",
      "optional": true,
      "dependencies": {
        "@napi-rs/wasm-runtime": "^1.1.0"
      },
      "engines": {
        "node": ">=14.0.0"
      }
    },
    "node_modules/@oxc-transform/binding-win32-arm64-msvc": {
      "version": "0.102.0",
      "resolved": "https://registry.npmjs.org/@oxc-transform/binding-win32-arm64-msvc/-/binding-win32-arm64-msvc-0.102.0.tgz",
      "integrity": "sha512-jzaA1lLiMXiJs4r7E0BHRxTPiwAkpoCfSNRr8npK/SqL4UQE4cSz3WDTX5wJWRrN2U+xqsDGefeYzH4reI8sgw==",
      "cpu": [
        "arm64"
      ],
      "dev": true,
      "license": "MIT",
      "optional": true,
      "os": [
        "win32"
      ],
      "engines": {
        "node": "^20.19.0 || >=22.12.0"
      }
    },
    "node_modules/@oxc-transform/binding-win32-x64-msvc": {
      "version": "0.102.0",
      "resolved": "https://registry.npmjs.org/@oxc-transform/binding-win32-x64-msvc/-/binding-win32-x64-msvc-0.102.0.tgz",
      "integrity": "sha512-eYOm6mch+1cP9qlNkMdorfBFY8aEOxY/isqrreLmEWqF/hyXA0SbLKDigTbvh3JFKny/gXlHoCKckqfua4cwtg==",
      "cpu": [
        "x64"
      ],
      "dev": true,
      "license": "MIT",
      "optional": true,
      "os": [
        "win32"
      ],
      "engines": {
        "node": "^20.19.0 || >=22.12.0"
      }
    },
    "node_modules/@tybys/wasm-util": {
      "version": "0.10.1",
      "resolved": "https://registry.npmjs.org/@tybys/wasm-util/-/wasm-util-0.10.1.tgz",
      "integrity": "sha512-9tTaPJLSiejZKx+Bmog4uSubteqTvFrVrURwkmHixBo0G4seD0zUxp98E1DzUBJxLQ3NPwXrGKDiVjwx/DpPsg==",
      "dev": true,
      "license": "MIT",
      "optional": true,
      "dependencies": {
        "tslib": "^2.4.0"
      }
    },
    "node_modules/@types/estree": {
      "version": "1.0.8",
      "resolved": "https://registry.npmjs.org/@types/estree/-/estree-1.0.8.tgz",
      "integrity": "sha512-dWHzHa2WqEXI/O1E9OjrocMTKJl2mSrEolh1Iomrv6U+JuNwaHXsXx9bLu5gG7BUWFIN0skIQJQ/L1rIex4X6w==",
      "dev": true,
      "license": "MIT"
    },
    "node_modules/acorn": {
      "version": "8.15.0",
      "resolved": "https://registry.npmjs.org/acorn/-/acorn-8.15.0.tgz",
      "integrity": "sha512-NZyJarBfL7nWwIq+FDL6Zp/yHEhePMNnnJ0y3qfieCrmNvYct8uvtiV41UvlSe6apAfk0fY1FbWx+NwfmpvtTg==",
      "dev": true,
      "license": "MIT",
      "bin": {
        "acorn": "bin/acorn"
      },
      "engines": {
        "node": ">=0.4.0"
      }
    },
    "node_modules/astring": {
      "version": "1.9.0",
      "resolved": "https://registry.npmjs.org/astring/-/astring-1.9.0.tgz",
      "integrity": "sha512-LElXdjswlqjWrPpJFg1Fx4wpkOCxj1TDHlSV4PlaRxHGWko024xICaa97ZkMfs6DRKlCguiAI+rbXv5GWwXIkg==",
      "dev": true,
      "license": "MIT",
      "bin": {
        "astring": "bin/astring"
      }
    },
    "node_modules/chownr": {
      "version": "3.0.0",
      "resolved": "https://registry.npmjs.org/chownr/-/chownr-3.0.0.tgz",
      "integrity": "sha512-+IxzY9BZOQd/XuYPRmrvEVjF/nqj5kgT4kEq7VofrDoM1MxoRjEWkrCC3EtLi59TVawxTAn+orJwFQcrqEN1+g==",
      "dev": true,
      "license": "BlueOak-1.0.0",
      "engines": {
        "node": ">=18"
      }
    },
    "node_modules/confbox": {
      "version": "0.1.8",
      "resolved": "https://registry.npmjs.org/confbox/-/confbox-0.1.8.tgz",
      "integrity": "sha512-RMtmw0iFkeR4YV+fUOSucriAQNb9g8zFR52MWCtl+cCZOFRNL6zeB395vPzFhEjjn4fMxXudmELnl/KF/WrK6w==",
      "dev": true,
      "license": "MIT"
    },
    "node_modules/estree-walker": {
      "version": "3.0.3",
      "resolved": "https://registry.npmjs.org/estree-walker/-/estree-walker-3.0.3.tgz",
      "integrity": "sha512-7RUKfXgSMMkzt6ZuXmqapOurLGPPfgj6l9uRZ7lRGolvk0y2yocc35LdcxKC5PQZdn2DMqioAQ2NoWcrTKmm6g==",
      "dev": true,
      "license": "MIT",
      "dependencies": {
        "@types/estree": "^1.0.0"
      }
    },
    "node_modules/follow-redirects": {
      "version": "1.15.11",
      "resolved": "https://registry.npmjs.org/follow-redirects/-/follow-redirects-1.15.11.tgz",
      "integrity": "sha512-deG2P0JfjrTxl50XGCDyfI97ZGVCxIpfKYmfyrQ54n5FO/0gfIES8C/Psl6kWVDolizcaaxZJnTS0QSMxvnsBQ==",
      "dev": true,
      "funding": [
        {
          "type": "individual",
          "url": "https://github.com/sponsors/RubenVerborgh"
        }
      ],
      "license": "MIT",
      "engines": {
        "node": ">=4.0"
      },
      "peerDependenciesMeta": {
        "debug": {
          "optional": true
        }
      }
    },
    "node_modules/magic-regexp": {
      "version": "0.10.0",
      "resolved": "https://registry.npmjs.org/magic-regexp/-/magic-regexp-0.10.0.tgz",
      "integrity": "sha512-Uly1Bu4lO1hwHUW0CQeSWuRtzCMNO00CmXtS8N6fyvB3B979GOEEeAkiTUDsmbYLAbvpUS/Kt5c4ibosAzVyVg==",
      "dev": true,
      "license": "MIT",
      "dependencies": {
        "estree-walker": "^3.0.3",
        "magic-string": "^0.30.12",
        "mlly": "^1.7.2",
        "regexp-tree": "^0.1.27",
        "type-level-regexp": "~0.1.17",
        "ufo": "^1.5.4",
        "unplugin": "^2.0.0"
      }
    },
    "node_modules/magic-string": {
      "version": "0.30.21",
      "resolved": "https://registry.npmjs.org/magic-string/-/magic-string-0.30.21.tgz",
      "integrity": "sha512-vd2F4YUyEXKGcLHoq+TEyCjxueSeHnFxyyjNp80yg0XV4vUhnDer/lvvlqM/arB5bXQN5K2/3oinyCRyx8T2CQ==",
      "dev": true,
      "license": "MIT",
      "dependencies": {
        "@jridgewell/sourcemap-codec": "^1.5.5"
      }
    },
    "node_modules/minipass": {
      "version": "7.1.2",
      "resolved": "https://registry.npmjs.org/minipass/-/minipass-7.1.2.tgz",
      "integrity": "sha512-qOOzS1cBTWYF4BH8fVePDBOO9iptMnGUEZwNc/cMWnTV2nVLZ7VoNWEPHkYczZA0pdoA7dl6e7FL659nX9S2aw==",
      "dev": true,
      "license": "ISC",
      "engines": {
        "node": ">=16 || 14 >=14.17"
      }
    },
    "node_modules/minizlib": {
      "version": "3.1.0",
      "resolved": "https://registry.npmjs.org/minizlib/-/minizlib-3.1.0.tgz",
      "integrity": "sha512-KZxYo1BUkWD2TVFLr0MQoM8vUUigWD3LlD83a/75BqC+4qE0Hb1Vo5v1FgcfaNXvfXzr+5EhQ6ing/CaBijTlw==",
      "dev": true,
      "license": "MIT",
      "dependencies": {
        "minipass": "^7.1.2"
      },
      "engines": {
        "node": ">= 18"
      }
    },
    "node_modules/mlly": {
      "version": "1.8.0",
      "resolved": "https://registry.npmjs.org/mlly/-/mlly-1.8.0.tgz",
      "integrity": "sha512-l8D9ODSRWLe2KHJSifWGwBqpTZXIXTeo8mlKjY+E2HAakaTeNpqAyBZ8GSqLzHgw4XmHmC8whvpjJNMbFZN7/g==",
      "dev": true,
      "license": "MIT",
      "dependencies": {
        "acorn": "^8.15.0",
        "pathe": "^2.0.3",
        "pkg-types": "^1.3.1",
        "ufo": "^1.6.1"
      }
    },
    "node_modules/oxc-parser": {
      "version": "0.102.0",
      "resolved": "https://registry.npmjs.org/oxc-parser/-/oxc-parser-0.102.0.tgz",
      "integrity": "sha512-xMiyHgr2FZsphQ12ZCsXRvSYzmKXCm1ejmyG4GDZIiKOmhyt5iKtWq0klOfFsEQ6jcgbwrUdwcCVYzr1F+h5og==",
      "dev": true,
      "license": "MIT",
      "dependencies": {
        "@oxc-project/types": "^0.102.0"
      },
      "engines": {
        "node": "^20.19.0 || >=22.12.0"
      },
      "funding": {
        "url": "https://github.com/sponsors/Boshen"
      },
      "optionalDependencies": {
        "@oxc-parser/binding-android-arm64": "0.102.0",
        "@oxc-parser/binding-darwin-arm64": "0.102.0",
        "@oxc-parser/binding-darwin-x64": "0.102.0",
        "@oxc-parser/binding-freebsd-x64": "0.102.0",
        "@oxc-parser/binding-linux-arm-gnueabihf": "0.102.0",
        "@oxc-parser/binding-linux-arm64-gnu": "0.102.0",
        "@oxc-parser/binding-linux-arm64-musl": "0.102.0",
        "@oxc-parser/binding-linux-riscv64-gnu": "0.102.0",
        "@oxc-parser/binding-linux-s390x-gnu": "0.102.0",
        "@oxc-parser/binding-linux-x64-gnu": "0.102.0",
        "@oxc-parser/binding-linux-x64-musl": "0.102.0",
        "@oxc-parser/binding-openharmony-arm64": "0.102.0",
        "@oxc-parser/binding-wasm32-wasi": "0.102.0",
        "@oxc-parser/binding-win32-arm64-msvc": "0.102.0",
        "@oxc-parser/binding-win32-x64-msvc": "0.102.0"
      }
    },
    "node_modules/oxc-transform": {
      "version": "0.102.0",
      "resolved": "https://registry.npmjs.org/oxc-transform/-/oxc-transform-0.102.0.tgz",
      "integrity": "sha512-MR5ohiBS6/kvxRpmUZ3LIDTTJBEC4xLAEZXfYr7vrA0eP7WHewQaNQPFDgT4Bee89TdmVQ5ZKrifGwxLjSyHHw==",
      "dev": true,
      "license": "MIT",
      "engines": {
        "node": "^20.19.0 || >=22.12.0"
      },
      "funding": {
        "url": "https://github.com/sponsors/Boshen"
      },
      "optionalDependencies": {
        "@oxc-transform/binding-android-arm64": "0.102.0",
        "@oxc-transform/binding-darwin-arm64": "0.102.0",
        "@oxc-transform/binding-darwin-x64": "0.102.0",
        "@oxc-transform/binding-freebsd-x64": "0.102.0",
        "@oxc-transform/binding-linux-arm-gnueabihf": "0.102.0",
        "@oxc-transform/binding-linux-arm64-gnu": "0.102.0",
        "@oxc-transform/binding-linux-arm64-musl": "0.102.0",
        "@oxc-transform/binding-linux-riscv64-gnu": "0.102.0",
        "@oxc-transform/binding-linux-s390x-gnu": "0.102.0",
        "@oxc-transform/binding-linux-x64-gnu": "0.102.0",
        "@oxc-transform/binding-linux-x64-musl": "0.102.0",
        "@oxc-transform/binding-openharmony-arm64": "0.102.0",
        "@oxc-transform/binding-wasm32-wasi": "0.102.0",
        "@oxc-transform/binding-win32-arm64-msvc": "0.102.0",
        "@oxc-transform/binding-win32-x64-msvc": "0.102.0"
      }
    },
    "node_modules/oxc-walker": {
      "version": "0.6.0",
      "resolved": "https://registry.npmjs.org/oxc-walker/-/oxc-walker-0.6.0.tgz",
      "integrity": "sha512-BA3hlxq5+Sgzp7TCQF52XDXCK5mwoIZuIuxv/+JuuTzOs2RXkLqWZgZ69d8pJDDjnL7wiREZTWHBzFp/UWH88Q==",
      "dev": true,
      "license": "MIT",
      "dependencies": {
        "magic-regexp": "^0.10.0"
      },
      "peerDependencies": {
        "oxc-parser": ">=0.98.0"
      }
    },
    "node_modules/pathe": {
      "version": "2.0.3",
      "resolved": "https://registry.npmjs.org/pathe/-/pathe-2.0.3.tgz",
      "integrity": "sha512-WUjGcAqP1gQacoQe+OBJsFA7Ld4DyXuUIjZ5cc75cLHvJ7dtNsTugphxIADwspS+AraAUePCKrSVtPLFj/F88w==",
      "dev": true,
      "license": "MIT"
    },
    "node_modules/picomatch": {
      "version": "4.0.3",
      "resolved": "https://registry.npmjs.org/picomatch/-/picomatch-4.0.3.tgz",
      "integrity": "sha512-5gTmgEY/sqK6gFXLIsQNH19lWb4ebPDLA4SdLP7dsWkIXHWlG66oPuVvXSGFPppYZz8ZDZq0dYYrbHfBCVUb1Q==",
      "dev": true,
      "license": "MIT",
      "engines": {
        "node": ">=12"
      },
      "funding": {
        "url": "https://github.com/sponsors/jonschlinkert"
      }
    },
    "node_modules/pkg-types": {
      "version": "1.3.1",
      "resolved": "https://registry.npmjs.org/pkg-types/-/pkg-types-1.3.1.tgz",
      "integrity": "sha512-/Jm5M4RvtBFVkKWRu2BLUTNP8/M2a+UwuAX+ae4770q1qVGtfjG+WTCupoZixokjmHiry8uI+dlY8KXYV5HVVQ==",
      "dev": true,
      "license": "MIT",
      "dependencies": {
        "confbox": "^0.1.8",
        "mlly": "^1.7.4",
        "pathe": "^2.0.1"
      }
    },
    "node_modules/prettier": {
      "version": "3.7.4",
      "resolved": "https://registry.npmjs.org/prettier/-/prettier-3.7.4.tgz",
      "integrity": "sha512-v6UNi1+3hSlVvv8fSaoUbggEM5VErKmmpGA7Pl3HF8V6uKY7rvClBOJlH6yNwQtfTueNkGVpOv/mtWL9L4bgRA==",
      "dev": true,
      "license": "MIT",
      "bin": {
        "prettier": "bin/prettier.cjs"
      },
      "engines": {
        "node": ">=14"
      },
      "funding": {
        "url": "https://github.com/prettier/prettier?sponsor=1"
      }
    },
    "node_modules/regexp-tree": {
      "version": "0.1.27",
      "resolved": "https://registry.npmjs.org/regexp-tree/-/regexp-tree-0.1.27.tgz",
      "integrity": "sha512-iETxpjK6YoRWJG5o6hXLwvjYAoW+FEZn9os0PD/b6AP6xQwsa/Y7lCVgIixBbUPMfhu+i2LtdeAqVTgGlQarfA==",
      "dev": true,
      "license": "MIT",
      "bin": {
        "regexp-tree": "bin/regexp-tree"
      }
    },
    "node_modules/tar": {
      "version": "7.5.2",
      "resolved": "https://registry.npmjs.org/tar/-/tar-7.5.2.tgz",
      "integrity": "sha512-7NyxrTE4Anh8km8iEy7o0QYPs+0JKBTj5ZaqHg6B39erLg0qYXN3BijtShwbsNSvQ+LN75+KV+C4QR/f6Gwnpg==",
      "dev": true,
      "license": "BlueOak-1.0.0",
      "dependencies": {
        "@isaacs/fs-minipass": "^4.0.0",
        "chownr": "^3.0.0",
        "minipass": "^7.1.2",
        "minizlib": "^3.1.0",
        "yallist": "^5.0.0"
      },
      "engines": {
        "node": ">=18"
      }
    },
    "node_modules/tslib": {
      "version": "2.8.1",
      "resolved": "https://registry.npmjs.org/tslib/-/tslib-2.8.1.tgz",
      "integrity": "sha512-oJFu94HQb+KVduSUQL7wnpmqnfmLsOA/nAh6b6EH0wCEoK0/mPeXU6c3wKDV83MkOuHPRHtSXKKU99IBazS/2w==",
      "dev": true,
      "license": "0BSD",
      "optional": true
    },
    "node_modules/type-level-regexp": {
      "version": "0.1.17",
      "resolved": "https://registry.npmjs.org/type-level-regexp/-/type-level-regexp-0.1.17.tgz",
      "integrity": "sha512-wTk4DH3cxwk196uGLK/E9pE45aLfeKJacKmcEgEOA/q5dnPGNxXt0cfYdFxb57L+sEpf1oJH4Dnx/pnRcku9jg==",
      "dev": true,
      "license": "MIT"
    },
    "node_modules/ufo": {
      "version": "1.6.1",
      "resolved": "https://registry.npmjs.org/ufo/-/ufo-1.6.1.tgz",
      "integrity": "sha512-9a4/uxlTWJ4+a5i0ooc1rU7C7YOw3wT+UGqdeNNHWnOF9qcMBgLRS+4IYUqbczewFx4mLEig6gawh7X6mFlEkA==",
      "dev": true,
      "license": "MIT"
    },
    "node_modules/unplugin": {
      "version": "2.3.11",
      "resolved": "https://registry.npmjs.org/unplugin/-/unplugin-2.3.11.tgz",
      "integrity": "sha512-5uKD0nqiYVzlmCRs01Fhs2BdkEgBS3SAVP6ndrBsuK42iC2+JHyxM05Rm9G8+5mkmRtzMZGY8Ct5+mliZxU/Ww==",
      "dev": true,
      "license": "MIT",
      "dependencies": {
        "@jridgewell/remapping": "^2.3.5",
        "acorn": "^8.15.0",
        "picomatch": "^4.0.3",
        "webpack-virtual-modules": "^0.6.2"
      },
      "engines": {
        "node": ">=18.12.0"
      }
    },
    "node_modules/webpack-virtual-modules": {
      "version": "0.6.2",
      "resolved": "https://registry.npmjs.org/webpack-virtual-modules/-/webpack-virtual-modules-0.6.2.tgz",
      "integrity": "sha512-66/V2i5hQanC51vBQKPH4aI8NMAcBW59FVBs+rC7eGHupMyfn34q7rZIE+ETlJ+XTevqfUhVVBgSUNSW2flEUQ==",
      "dev": true,
      "license": "MIT"
    },
    "node_modules/yallist": {
      "version": "5.0.0",
      "resolved": "https://registry.npmjs.org/yallist/-/yallist-5.0.0.tgz",
      "integrity": "sha512-YgvUTfwqyc7UXVMrB+SImsVYSmTS8X/tSrtdNZMImM+n7+QTriRXyXim0mBrTXNeqzVF0KWGgHPeiyViFFrNDw==",
      "dev": true,
      "license": "BlueOak-1.0.0",
      "engines": {
        "node": ">=18"
      }
    }
  }
}
