{
  "name": "http2",
  "lockfileVersion": 3,
  "requires": true,
  "packages": {
    "": {
      "name": "http2",
      "dependencies": {
        "@aikidosec/firewall": "file:../../build"
      }
    },
    "../../build": {
      "version": "0.0.0",
      "license": "AGPL-3.0-or-later",
      "engines": {
        "node": ">=16"
      }
    },
    "node_modules/@aikidosec/firewall": {
      "resolved": "../../build",
      "link": true
    }
  }
}
