{
  "name": "hapi-postgres",
  "version": "1.0.0",
  "lockfileVersion": 3,
  "requires": true,
  "packages": {
    "": {
      "name": "hapi-postgres",
      "version": "1.0.0",
      "dependencies": {
        "@aikidosec/firewall": "file:../../build",
        "@hapi/hapi": "^21.3.10",
        "pg": "^8.11.3"
      }
    },
    "../../build": {
      "name": "@aikidosec/firewall",
      "version": "0.0.0",
      "license": "AGPL-3.0-or-later",
      "engines": {
        "node": ">=16"
      }
    },
    "node_modules/@aikidosec/firewall": {
      "resolved": "../../build",
      "link": true
    },
    "node_modules/@hapi/accept": {
      "version": "6.0.3",
      "resolved": "https://registry.npmjs.org/@hapi/accept/-/accept-6.0.3.tgz",
      "integrity": "sha512-p72f9k56EuF0n3MwlBNThyVE5PXX40g+aQh+C/xbKrfzahM2Oispv3AXmOIU51t3j77zay1qrX7IIziZXspMlw==",
      "license": "BSD-3-Clause",
      "dependencies": {
        "@hapi/boom": "^10.0.1",
        "@hapi/hoek": "^11.0.2"
      }
    },
    "node_modules/@hapi/ammo": {
      "version": "6.0.1",
      "resolved": "https://registry.npmjs.org/@hapi/ammo/-/ammo-6.0.1.tgz",
      "integrity": "sha512-pmL+nPod4g58kXrMcsGLp05O2jF4P2Q3GiL8qYV7nKYEh3cGf+rV4P5Jyi2Uq0agGhVU63GtaSAfBEZOlrJn9w==",
      "license": "BSD-3-Clause",
      "dependencies": {
        "@hapi/hoek": "^11.0.2"
      }
    },
    "node_modules/@hapi/b64": {
      "version": "6.0.1",
      "resolved": "https://registry.npmjs.org/@hapi/b64/-/b64-6.0.1.tgz",
      "integrity": "sha512-ZvjX4JQReUmBheeCq+S9YavcnMMHWqx3S0jHNXWIM1kQDxB9cyfSycpVvjfrKcIS8Mh5N3hmu/YKo4Iag9g2Kw==",
      "license": "BSD-3-Clause",
      "dependencies": {
        "@hapi/hoek": "^11.0.2"
      }
    },
    "node_modules/@hapi/boom": {
      "version": "10.0.1",
      "resolved": "https://registry.npmjs.org/@hapi/boom/-/boom-10.0.1.tgz",
      "integrity": "sha512-ERcCZaEjdH3OgSJlyjVk8pHIFeus91CjKP3v+MpgBNp5IvGzP2l/bRiD78nqYcKPaZdbKkK5vDBVPd2ohHBlsA==",
      "license": "BSD-3-Clause",
      "dependencies": {
        "@hapi/hoek": "^11.0.2"
      }
    },
    "node_modules/@hapi/bounce": {
      "version": "3.0.2",
      "resolved": "https://registry.npmjs.org/@hapi/bounce/-/bounce-3.0.2.tgz",
      "integrity": "sha512-d0XmlTi3H9HFDHhQLjg4F4auL1EY3Wqj7j7/hGDhFFe6xAbnm3qiGrXeT93zZnPH8gH+SKAFYiRzu26xkXcH3g==",
      "license": "BSD-3-Clause",
      "dependencies": {
        "@hapi/boom": "^10.0.1",
        "@hapi/hoek": "^11.0.2"
      }
    },
    "node_modules/@hapi/bourne": {
      "version": "3.0.0",
      "resolved": "https://registry.npmjs.org/@hapi/bourne/-/bourne-3.0.0.tgz",
      "integrity": "sha512-Waj1cwPXJDucOib4a3bAISsKJVb15MKi9IvmTI/7ssVEm6sywXGjVJDhl6/umt1pK1ZS7PacXU3A1PmFKHEZ2w==",
      "license": "BSD-3-Clause"
    },
    "node_modules/@hapi/call": {
      "version": "9.0.1",
      "resolved": "https://registry.npmjs.org/@hapi/call/-/call-9.0.1.tgz",
      "integrity": "sha512-uPojQRqEL1GRZR4xXPqcLMujQGaEpyVPRyBlD8Pp5rqgIwLhtveF9PkixiKru2THXvuN8mUrLeet5fqxKAAMGg==",
      "license": "BSD-3-Clause",
      "dependencies": {
        "@hapi/boom": "^10.0.1",
        "@hapi/hoek": "^11.0.2"
      }
    },
    "node_modules/@hapi/catbox": {
      "version": "12.1.1",
      "resolved": "https://registry.npmjs.org/@hapi/catbox/-/catbox-12.1.1.tgz",
      "integrity": "sha512-hDqYB1J+R0HtZg4iPH3LEnldoaBsar6bYp0EonBmNQ9t5CO+1CqgCul2ZtFveW1ReA5SQuze9GPSU7/aecERhw==",
      "license": "BSD-3-Clause",
      "dependencies": {
        "@hapi/boom": "^10.0.1",
        "@hapi/hoek": "^11.0.2",
        "@hapi/podium": "^5.0.0",
        "@hapi/validate": "^2.0.1"
      }
    },
    "node_modules/@hapi/catbox-memory": {
      "version": "6.0.2",
      "resolved": "https://registry.npmjs.org/@hapi/catbox-memory/-/catbox-memory-6.0.2.tgz",
      "integrity": "sha512-H1l4ugoFW/ZRkqeFrIo8p1rWN0PA4MDTfu4JmcoNDvnY975o29mqoZblqFTotxNHlEkMPpIiIBJTV+Mbi+aF0g==",
      "license": "BSD-3-Clause",
      "dependencies": {
        "@hapi/boom": "^10.0.1",
        "@hapi/hoek": "^11.0.2"
      }
    },
    "node_modules/@hapi/content": {
      "version": "6.0.0",
      "resolved": "https://registry.npmjs.org/@hapi/content/-/content-6.0.0.tgz",
      "integrity": "sha512-CEhs7j+H0iQffKfe5Htdak5LBOz/Qc8TRh51cF+BFv0qnuph3Em4pjGVzJMkI2gfTDdlJKWJISGWS1rK34POGA==",
      "license": "BSD-3-Clause",
      "dependencies": {
        "@hapi/boom": "^10.0.0"
      }
    },
    "node_modules/@hapi/cryptiles": {
      "version": "6.0.1",
      "resolved": "https://registry.npmjs.org/@hapi/cryptiles/-/cryptiles-6.0.1.tgz",
      "integrity": "sha512-9GM9ECEHfR8lk5ASOKG4+4ZsEzFqLfhiryIJ2ISePVB92OHLp/yne4m+zn7z9dgvM98TLpiFebjDFQ0UHcqxXQ==",
      "license": "BSD-3-Clause",
      "dependencies": {
        "@hapi/boom": "^10.0.1"
      },
      "engines": {
        "node": ">=14.0.0"
      }
    },
    "node_modules/@hapi/file": {
      "version": "3.0.0",
      "resolved": "https://registry.npmjs.org/@hapi/file/-/file-3.0.0.tgz",
      "integrity": "sha512-w+lKW+yRrLhJu620jT3y+5g2mHqnKfepreykvdOcl9/6up8GrQQn+l3FRTsjHTKbkbfQFkuksHpdv2EcpKcJ4Q==",
      "license": "BSD-3-Clause"
    },
    "node_modules/@hapi/hapi": {
      "version": "21.4.0",
      "resolved": "https://registry.npmjs.org/@hapi/hapi/-/hapi-21.4.0.tgz",
      "integrity": "sha512-kqiRWbYYLSSt2rYbxyNj8svPsXP715p4W/K3OXpXeiiVLNSdBX4f+zfmC+dY6eyb6rqTqTAbx6x8b5HpJTkviQ==",
      "license": "BSD-3-Clause",
      "dependencies": {
        "@hapi/accept": "^6.0.3",
        "@hapi/ammo": "^6.0.1",
        "@hapi/boom": "^10.0.1",
        "@hapi/bounce": "^3.0.2",
        "@hapi/call": "^9.0.1",
        "@hapi/catbox": "^12.1.1",
        "@hapi/catbox-memory": "^6.0.2",
        "@hapi/heavy": "^8.0.1",
        "@hapi/hoek": "^11.0.6",
        "@hapi/mimos": "^7.0.1",
        "@hapi/podium": "^5.0.1",
        "@hapi/shot": "^6.0.1",
        "@hapi/somever": "^4.1.1",
        "@hapi/statehood": "^8.2.0",
        "@hapi/subtext": "^8.1.0",
        "@hapi/teamwork": "^6.0.0",
        "@hapi/topo": "^6.0.2",
        "@hapi/validate": "^2.0.1"
      },
      "engines": {
        "node": ">=14.15.0"
      }
    },
    "node_modules/@hapi/heavy": {
      "version": "8.0.1",
      "resolved": "https://registry.npmjs.org/@hapi/heavy/-/heavy-8.0.1.tgz",
      "integrity": "sha512-gBD/NANosNCOp6RsYTsjo2vhr5eYA3BEuogk6cxY0QdhllkkTaJFYtTXv46xd6qhBVMbMMqcSdtqey+UQU3//w==",
      "license": "BSD-3-Clause",
      "dependencies": {
        "@hapi/boom": "^10.0.1",
        "@hapi/hoek": "^11.0.2",
        "@hapi/validate": "^2.0.1"
      }
    },
    "node_modules/@hapi/hoek": {
      "version": "11.0.7",
      "resolved": "https://registry.npmjs.org/@hapi/hoek/-/hoek-11.0.7.tgz",
      "integrity": "sha512-HV5undWkKzcB4RZUusqOpcgxOaq6VOAH7zhhIr2g3G8NF/MlFO75SjOr2NfuSx0Mh40+1FqCkagKLJRykUWoFQ==",
      "license": "BSD-3-Clause"
    },
    "node_modules/@hapi/iron": {
      "version": "7.0.1",
      "resolved": "https://registry.npmjs.org/@hapi/iron/-/iron-7.0.1.tgz",
      "integrity": "sha512-tEZnrOujKpS6jLKliyWBl3A9PaE+ppuL/+gkbyPPDb/l2KSKQyH4lhMkVb+sBhwN+qaxxlig01JRqB8dk/mPxQ==",
      "license": "BSD-3-Clause",
      "dependencies": {
        "@hapi/b64": "^6.0.1",
        "@hapi/boom": "^10.0.1",
        "@hapi/bourne": "^3.0.0",
        "@hapi/cryptiles": "^6.0.1",
        "@hapi/hoek": "^11.0.2"
      }
    },
    "node_modules/@hapi/mimos": {
      "version": "7.0.1",
      "resolved": "https://registry.npmjs.org/@hapi/mimos/-/mimos-7.0.1.tgz",
      "integrity": "sha512-b79V+BrG0gJ9zcRx1VGcCI6r6GEzzZUgiGEJVoq5gwzuB2Ig9Cax8dUuBauQCFKvl2YWSWyOc8mZ8HDaJOtkew==",
      "license": "BSD-3-Clause",
      "dependencies": {
        "@hapi/hoek": "^11.0.2",
        "mime-db": "^1.52.0"
      }
    },
    "node_modules/@hapi/nigel": {
      "version": "5.0.1",
      "resolved": "https://registry.npmjs.org/@hapi/nigel/-/nigel-5.0.1.tgz",
      "integrity": "sha512-uv3dtYuB4IsNaha+tigWmN8mQw/O9Qzl5U26Gm4ZcJVtDdB1AVJOwX3X5wOX+A07qzpEZnOMBAm8jjSqGsU6Nw==",
      "license": "BSD-3-Clause",
      "dependencies": {
        "@hapi/hoek": "^11.0.2",
        "@hapi/vise": "^5.0.1"
      },
      "engines": {
        "node": ">=14.0.0"
      }
    },
    "node_modules/@hapi/pez": {
      "version": "6.1.0",
      "resolved": "https://registry.npmjs.org/@hapi/pez/-/pez-6.1.0.tgz",
      "integrity": "sha512-+FE3sFPYuXCpuVeHQ/Qag1b45clR2o54QoonE/gKHv9gukxQ8oJJZPR7o3/ydDTK6racnCJXxOyT1T93FCJMIg==",
      "license": "BSD-3-Clause",
      "dependencies": {
        "@hapi/b64": "^6.0.1",
        "@hapi/boom": "^10.0.1",
        "@hapi/content": "^6.0.0",
        "@hapi/hoek": "^11.0.2",
        "@hapi/nigel": "^5.0.1"
      }
    },
    "node_modules/@hapi/podium": {
      "version": "5.0.2",
      "resolved": "https://registry.npmjs.org/@hapi/podium/-/podium-5.0.2.tgz",
      "integrity": "sha512-T7gf2JYHQQfEfewTQFbsaXoZxSvuXO/QBIGljucUQ/lmPnTTNAepoIKOakWNVWvo2fMEDjycu77r8k6dhreqHA==",
      "license": "BSD-3-Clause",
      "dependencies": {
        "@hapi/hoek": "^11.0.2",
        "@hapi/teamwork": "^6.0.0",
        "@hapi/validate": "^2.0.1"
      }
    },
    "node_modules/@hapi/shot": {
      "version": "6.0.1",
      "resolved": "https://registry.npmjs.org/@hapi/shot/-/shot-6.0.1.tgz",
      "integrity": "sha512-s5ynMKZXYoDd3dqPw5YTvOR/vjHvMTxc388+0qL0jZZP1+uwXuUD32o9DuuuLsmTlyXCWi02BJl1pBpwRuUrNA==",
      "license": "BSD-3-Clause",
      "dependencies": {
        "@hapi/hoek": "^11.0.2",
        "@hapi/validate": "^2.0.1"
      }
    },
    "node_modules/@hapi/somever": {
      "version": "4.1.1",
      "resolved": "https://registry.npmjs.org/@hapi/somever/-/somever-4.1.1.tgz",
      "integrity": "sha512-lt3QQiDDOVRatS0ionFDNrDIv4eXz58IibQaZQDOg4DqqdNme8oa0iPWcE0+hkq/KTeBCPtEOjDOBKBKwDumVg==",
      "license": "BSD-3-Clause",
      "dependencies": {
        "@hapi/bounce": "^3.0.1",
        "@hapi/hoek": "^11.0.2"
      }
    },
    "node_modules/@hapi/statehood": {
      "version": "8.2.0",
      "resolved": "https://registry.npmjs.org/@hapi/statehood/-/statehood-8.2.0.tgz",
      "integrity": "sha512-63JlCVIrsmuunWsyc3OeuFO+gH6v56swLCl7OM1w09l/exQKPUxSUDF2Slkuw8k91nIzr0A2/aPvjLOWf9ksrg==",
      "license": "BSD-3-Clause",
      "dependencies": {
        "@hapi/boom": "^10.0.1",
        "@hapi/bounce": "^3.0.1",
        "@hapi/bourne": "^3.0.0",
        "@hapi/cryptiles": "^6.0.1",
        "@hapi/hoek": "^11.0.2",
        "@hapi/iron": "^7.0.1",
        "@hapi/validate": "^2.0.1"
      }
    },
    "node_modules/@hapi/subtext": {
      "version": "8.1.0",
      "resolved": "https://registry.npmjs.org/@hapi/subtext/-/subtext-8.1.0.tgz",
      "integrity": "sha512-PyaN4oSMtqPjjVxLny1k0iYg4+fwGusIhaom9B2StinBclHs7v46mIW706Y+Wo21lcgulGyXbQrmT/w4dus6ww==",
      "license": "BSD-3-Clause",
      "dependencies": {
        "@hapi/boom": "^10.0.1",
        "@hapi/bourne": "^3.0.0",
        "@hapi/content": "^6.0.0",
        "@hapi/file": "^3.0.0",
        "@hapi/hoek": "^11.0.2",
        "@hapi/pez": "^6.1.0",
        "@hapi/wreck": "^18.0.1"
      }
    },
    "node_modules/@hapi/teamwork": {
      "version": "6.0.0",
      "resolved": "https://registry.npmjs.org/@hapi/teamwork/-/teamwork-6.0.0.tgz",
      "integrity": "sha512-05HumSy3LWfXpmJ9cr6HzwhAavrHkJ1ZRCmNE2qJMihdM5YcWreWPfyN0yKT2ZjCM92au3ZkuodjBxOibxM67A==",
      "license": "BSD-3-Clause",
      "engines": {
        "node": ">=14.0.0"
      }
    },
    "node_modules/@hapi/topo": {
      "version": "6.0.2",
      "resolved": "https://registry.npmjs.org/@hapi/topo/-/topo-6.0.2.tgz",
      "integrity": "sha512-KR3rD5inZbGMrHmgPxsJ9dbi6zEK+C3ZwUwTa+eMwWLz7oijWUTWD2pMSNNYJAU6Qq+65NkxXjqHr/7LM2Xkqg==",
      "license": "BSD-3-Clause",
      "dependencies": {
        "@hapi/hoek": "^11.0.2"
      }
    },
    "node_modules/@hapi/validate": {
      "version": "2.0.1",
      "resolved": "https://registry.npmjs.org/@hapi/validate/-/validate-2.0.1.tgz",
      "integrity": "sha512-NZmXRnrSLK8MQ9y/CMqE9WSspgB9xA41/LlYR0k967aSZebWr4yNrpxIbov12ICwKy4APSlWXZga9jN5p6puPA==",
      "license": "BSD-3-Clause",
      "dependencies": {
        "@hapi/hoek": "^11.0.2",
        "@hapi/topo": "^6.0.1"
      }
    },
    "node_modules/@hapi/vise": {
      "version": "5.0.1",
      "resolved": "https://registry.npmjs.org/@hapi/vise/-/vise-5.0.1.tgz",
      "integrity": "sha512-XZYWzzRtINQLedPYlIkSkUr7m5Ddwlu99V9elh8CSygXstfv3UnWIXT0QD+wmR0VAG34d2Vx3olqcEhRRoTu9A==",
      "license": "BSD-3-Clause",
      "dependencies": {
        "@hapi/hoek": "^11.0.2"
      }
    },
    "node_modules/@hapi/wreck": {
      "version": "18.1.0",
      "resolved": "https://registry.npmjs.org/@hapi/wreck/-/wreck-18.1.0.tgz",
      "integrity": "sha512-0z6ZRCmFEfV/MQqkQomJ7sl/hyxvcZM7LtuVqN3vdAO4vM9eBbowl0kaqQj9EJJQab+3Uuh1GxbGIBFy4NfJ4w==",
      "license": "BSD-3-Clause",
      "dependencies": {
        "@hapi/boom": "^10.0.1",
        "@hapi/bourne": "^3.0.0",
        "@hapi/hoek": "^11.0.2"
      }
    },
    "node_modules/mime-db": {
      "version": "1.54.0",
      "resolved": "https://registry.npmjs.org/mime-db/-/mime-db-1.54.0.tgz",
      "integrity": "sha512-aU5EJuIN2WDemCcAp2vFBfp/m4EAhWJnUNSSw0ixs7/kXbd6Pg64EmwJkNdFhB8aWt1sH2CTXrLxo/iAGV3oPQ==",
      "license": "MIT",
      "engines": {
        "node": ">= 0.6"
      }
    },
    "node_modules/pg": {
      "version": "8.14.1",
      "resolved": "https://registry.npmjs.org/pg/-/pg-8.14.1.tgz",
      "integrity": "sha512-0TdbqfjwIun9Fm/r89oB7RFQ0bLgduAhiIqIXOsyKoiC/L54DbuAAzIEN/9Op0f1Po9X7iCPXGoa/Ah+2aI8Xw==",
      "license": "MIT",
      "peer": true,
      "dependencies": {
        "pg-connection-string": "^2.7.0",
        "pg-pool": "^3.8.0",
        "pg-protocol": "^1.8.0",
        "pg-types": "^2.1.0",
        "pgpass": "1.x"
      },
      "engines": {
        "node": ">= 8.0.0"
      },
      "optionalDependencies": {
        "pg-cloudflare": "^1.1.1"
      },
      "peerDependencies": {
        "pg-native": ">=3.0.1"
      },
      "peerDependenciesMeta": {
        "pg-native": {
          "optional": true
        }
      }
    },
    "node_modules/pg-cloudflare": {
      "version": "1.1.1",
      "resolved": "https://registry.npmjs.org/pg-cloudflare/-/pg-cloudflare-1.1.1.tgz",
      "integrity": "sha512-xWPagP/4B6BgFO+EKz3JONXv3YDgvkbVrGw2mTo3D6tVDQRh1e7cqVGvyR3BE+eQgAvx1XhW/iEASj4/jCWl3Q==",
      "license": "MIT",
      "optional": true
    },
    "node_modules/pg-connection-string": {
      "version": "2.7.0",
      "resolved": "https://registry.npmjs.org/pg-connection-string/-/pg-connection-string-2.7.0.tgz",
      "integrity": "sha512-PI2W9mv53rXJQEOb8xNR8lH7Hr+EKa6oJa38zsK0S/ky2er16ios1wLKhZyxzD7jUReiWokc9WK5nxSnC7W1TA==",
      "license": "MIT"
    },
    "node_modules/pg-int8": {
      "version": "1.0.1",
      "resolved": "https://registry.npmjs.org/pg-int8/-/pg-int8-1.0.1.tgz",
      "integrity": "sha512-WCtabS6t3c8SkpDBUlb1kjOs7l66xsGdKpIPZsg4wR+B3+u9UAum2odSsF9tnvxg80h4ZxLWMy4pRjOsFIqQpw==",
      "license": "ISC",
      "engines": {
        "node": ">=4.0.0"
      }
    },
    "node_modules/pg-pool": {
      "version": "3.8.0",
      "resolved": "https://registry.npmjs.org/pg-pool/-/pg-pool-3.8.0.tgz",
      "integrity": "sha512-VBw3jiVm6ZOdLBTIcXLNdSotb6Iy3uOCwDGFAksZCXmi10nyRvnP2v3jl4d+IsLYRyXf6o9hIm/ZtUzlByNUdw==",
      "license": "MIT",
      "peerDependencies": {
        "pg": ">=8.0"
      }
    },
    "node_modules/pg-protocol": {
      "version": "1.8.0",
      "resolved": "https://registry.npmjs.org/pg-protocol/-/pg-protocol-1.8.0.tgz",
      "integrity": "sha512-jvuYlEkL03NRvOoyoRktBK7+qU5kOvlAwvmrH8sr3wbLrOdVWsRxQfz8mMy9sZFsqJ1hEWNfdWKI4SAmoL+j7g==",
      "license": "MIT"
    },
    "node_modules/pg-types": {
      "version": "2.2.0",
      "resolved": "https://registry.npmjs.org/pg-types/-/pg-types-2.2.0.tgz",
      "integrity": "sha512-qTAAlrEsl8s4OiEQY69wDvcMIdQN6wdz5ojQiOy6YRMuynxenON0O5oCpJI6lshc6scgAY8qvJ2On/p+CXY0GA==",
      "license": "MIT",
      "dependencies": {
        "pg-int8": "1.0.1",
        "postgres-array": "~2.0.0",
        "postgres-bytea": "~1.0.0",
        "postgres-date": "~1.0.4",
        "postgres-interval": "^1.1.0"
      },
      "engines": {
        "node": ">=4"
      }
    },
    "node_modules/pgpass": {
      "version": "1.0.5",
      "resolved": "https://registry.npmjs.org/pgpass/-/pgpass-1.0.5.tgz",
      "integrity": "sha512-FdW9r/jQZhSeohs1Z3sI1yxFQNFvMcnmfuj4WBMUTxOrAyLMaTcE1aAMBiTlbMNaXvBCQuVi0R7hd8udDSP7ug==",
      "license": "MIT",
      "dependencies": {
        "split2": "^4.1.0"
      }
    },
    "node_modules/postgres-array": {
      "version": "2.0.0",
      "resolved": "https://registry.npmjs.org/postgres-array/-/postgres-array-2.0.0.tgz",
      "integrity": "sha512-VpZrUqU5A69eQyW2c5CA1jtLecCsN2U/bD6VilrFDWq5+5UIEVO7nazS3TEcHf1zuPYO/sqGvUvW62g86RXZuA==",
      "license": "MIT",
      "engines": {
        "node": ">=4"
      }
    },
    "node_modules/postgres-bytea": {
      "version": "1.0.0",
      "resolved": "https://registry.npmjs.org/postgres-bytea/-/postgres-bytea-1.0.0.tgz",
      "integrity": "sha512-xy3pmLuQqRBZBXDULy7KbaitYqLcmxigw14Q5sj8QBVLqEwXfeybIKVWiqAXTlcvdvb0+xkOtDbfQMOf4lST1w==",
      "license": "MIT",
      "engines": {
        "node": ">=0.10.0"
      }
    },
    "node_modules/postgres-date": {
      "version": "1.0.7",
      "resolved": "https://registry.npmjs.org/postgres-date/-/postgres-date-1.0.7.tgz",
      "integrity": "sha512-suDmjLVQg78nMK2UZ454hAG+OAW+HQPZ6n++TNDUX+L0+uUlLywnoxJKDou51Zm+zTCjrCl0Nq6J9C5hP9vK/Q==",
      "license": "MIT",
      "engines": {
        "node": ">=0.10.0"
      }
    },
    "node_modules/postgres-interval": {
      "version": "1.2.0",
      "resolved": "https://registry.npmjs.org/postgres-interval/-/postgres-interval-1.2.0.tgz",
      "integrity": "sha512-9ZhXKM/rw350N1ovuWHbGxnGh/SNJ4cnxHiM0rxE4VN41wsg8P8zWn9hv/buK00RP4WvlOyr/RBDiptyxVbkZQ==",
      "license": "MIT",
      "dependencies": {
        "xtend": "^4.0.0"
      },
      "engines": {
        "node": ">=0.10.0"
      }
    },
    "node_modules/split2": {
      "version": "4.2.0",
      "resolved": "https://registry.npmjs.org/split2/-/split2-4.2.0.tgz",
      "integrity": "sha512-UcjcJOWknrNkF6PLX83qcHM6KHgVKNkV62Y8a5uYDVv9ydGQVwAHMKqHdJje1VTWpljG0WYpCDhrCdAOYH4TWg==",
      "license": "ISC",
      "engines": {
        "node": ">= 10.x"
      }
    },
    "node_modules/xtend": {
      "version": "4.0.2",
      "resolved": "https://registry.npmjs.org/xtend/-/xtend-4.0.2.tgz",
      "integrity": "sha512-LKYU1iAXJXUgAXn9URjiu+MWhyUXHsvfp7mcuYm9dSUKK0/CjtrUwFAxD82/mCWbtLsGjFIad0wIsod4zrTAEQ==",
      "license": "MIT",
      "engines": {
        "node": ">=0.4"
      }
    }
  }
}
