{
  "name": "api-discovery-benchmark",
  "version": "1.0.0",
  "lockfileVersion": 3,
  "requires": true,
  "packages": {
    "": {
      "name": "api-discovery-benchmark",
      "version": "1.0.0",
      "dependencies": {
        "@aikidosec/zen": "file:../../build"
      }
    },
    "../../build": {
      "name": "@aikidosec/zen",
      "version": "0.0.0",
      "license": "AGPL-3.0-or-later",
      "engines": {
        "node": ">=16"
      }
    },
    "node_modules/@aikidosec/zen": {
      "resolved": "../../build",
      "link": true
    }
  }
}
