{
  "name": "hapi-libsql",
  "version": "1.0.0",
  "lockfileVersion": 3,
  "requires": true,
  "packages": {
    "": {
      "name": "hapi-libsql",
      "version": "1.0.0",
      "dependencies": {
        "@aikidosec/firewall": "file:../../build",
        "@hapi/hapi": "^21.3.12",
        "@libsql/client": "^0.14.0"
      }
    },
    "../../build": {
      "name": "@aikidosec/firewall",
      "version": "0.0.0",
      "license": "AGPL-3.0-or-later",
      "engines": {
        "node": ">=16"
      }
    },
    "node_modules/@aikidosec/firewall": {
      "resolved": "../../build",
      "link": true
    },
    "node_modules/@hapi/accept": {
      "version": "6.0.3",
      "resolved": "https://registry.npmjs.org/@hapi/accept/-/accept-6.0.3.tgz",
      "integrity": "sha512-p72f9k56EuF0n3MwlBNThyVE5PXX40g+aQh+C/xbKrfzahM2Oispv3AXmOIU51t3j77zay1qrX7IIziZXspMlw==",
      "license": "BSD-3-Clause",
      "dependencies": {
        "@hapi/boom": "^10.0.1",
        "@hapi/hoek": "^11.0.2"
      }
    },
    "node_modules/@hapi/ammo": {
      "version": "6.0.1",
      "resolved": "https://registry.npmjs.org/@hapi/ammo/-/ammo-6.0.1.tgz",
      "integrity": "sha512-pmL+nPod4g58kXrMcsGLp05O2jF4P2Q3GiL8qYV7nKYEh3cGf+rV4P5Jyi2Uq0agGhVU63GtaSAfBEZOlrJn9w==",
      "license": "BSD-3-Clause",
      "dependencies": {
        "@hapi/hoek": "^11.0.2"
      }
    },
    "node_modules/@hapi/b64": {
      "version": "6.0.1",
      "resolved": "https://registry.npmjs.org/@hapi/b64/-/b64-6.0.1.tgz",
      "integrity": "sha512-ZvjX4JQReUmBheeCq+S9YavcnMMHWqx3S0jHNXWIM1kQDxB9cyfSycpVvjfrKcIS8Mh5N3hmu/YKo4Iag9g2Kw==",
      "license": "BSD-3-Clause",
      "dependencies": {
        "@hapi/hoek": "^11.0.2"
      }
    },
    "node_modules/@hapi/boom": {
      "version": "10.0.1",
      "resolved": "https://registry.npmjs.org/@hapi/boom/-/boom-10.0.1.tgz",
      "integrity": "sha512-ERcCZaEjdH3OgSJlyjVk8pHIFeus91CjKP3v+MpgBNp5IvGzP2l/bRiD78nqYcKPaZdbKkK5vDBVPd2ohHBlsA==",
      "license": "BSD-3-Clause",
      "dependencies": {
        "@hapi/hoek": "^11.0.2"
      }
    },
    "node_modules/@hapi/bounce": {
      "version": "3.0.2",
      "resolved": "https://registry.npmjs.org/@hapi/bounce/-/bounce-3.0.2.tgz",
      "integrity": "sha512-d0XmlTi3H9HFDHhQLjg4F4auL1EY3Wqj7j7/hGDhFFe6xAbnm3qiGrXeT93zZnPH8gH+SKAFYiRzu26xkXcH3g==",
      "license": "BSD-3-Clause",
      "dependencies": {
        "@hapi/boom": "^10.0.1",
        "@hapi/hoek": "^11.0.2"
      }
    },
    "node_modules/@hapi/bourne": {
      "version": "3.0.0",
      "resolved": "https://registry.npmjs.org/@hapi/bourne/-/bourne-3.0.0.tgz",
      "integrity": "sha512-Waj1cwPXJDucOib4a3bAISsKJVb15MKi9IvmTI/7ssVEm6sywXGjVJDhl6/umt1pK1ZS7PacXU3A1PmFKHEZ2w==",
      "license": "BSD-3-Clause"
    },
    "node_modules/@hapi/call": {
      "version": "9.0.1",
      "resolved": "https://registry.npmjs.org/@hapi/call/-/call-9.0.1.tgz",
      "integrity": "sha512-uPojQRqEL1GRZR4xXPqcLMujQGaEpyVPRyBlD8Pp5rqgIwLhtveF9PkixiKru2THXvuN8mUrLeet5fqxKAAMGg==",
      "license": "BSD-3-Clause",
      "dependencies": {
        "@hapi/boom": "^10.0.1",
        "@hapi/hoek": "^11.0.2"
      }
    },
    "node_modules/@hapi/catbox": {
      "version": "12.1.1",
      "resolved": "https://registry.npmjs.org/@hapi/catbox/-/catbox-12.1.1.tgz",
      "integrity": "sha512-hDqYB1J+R0HtZg4iPH3LEnldoaBsar6bYp0EonBmNQ9t5CO+1CqgCul2ZtFveW1ReA5SQuze9GPSU7/aecERhw==",
      "license": "BSD-3-Clause",
      "dependencies": {
        "@hapi/boom": "^10.0.1",
        "@hapi/hoek": "^11.0.2",
        "@hapi/podium": "^5.0.0",
        "@hapi/validate": "^2.0.1"
      }
    },
    "node_modules/@hapi/catbox-memory": {
      "version": "6.0.2",
      "resolved": "https://registry.npmjs.org/@hapi/catbox-memory/-/catbox-memory-6.0.2.tgz",
      "integrity": "sha512-H1l4ugoFW/ZRkqeFrIo8p1rWN0PA4MDTfu4JmcoNDvnY975o29mqoZblqFTotxNHlEkMPpIiIBJTV+Mbi+aF0g==",
      "license": "BSD-3-Clause",
      "dependencies": {
        "@hapi/boom": "^10.0.1",
        "@hapi/hoek": "^11.0.2"
      }
    },
    "node_modules/@hapi/content": {
      "version": "6.0.0",
      "resolved": "https://registry.npmjs.org/@hapi/content/-/content-6.0.0.tgz",
      "integrity": "sha512-CEhs7j+H0iQffKfe5Htdak5LBOz/Qc8TRh51cF+BFv0qnuph3Em4pjGVzJMkI2gfTDdlJKWJISGWS1rK34POGA==",
      "license": "BSD-3-Clause",
      "dependencies": {
        "@hapi/boom": "^10.0.0"
      }
    },
    "node_modules/@hapi/cryptiles": {
      "version": "6.0.1",
      "resolved": "https://registry.npmjs.org/@hapi/cryptiles/-/cryptiles-6.0.1.tgz",
      "integrity": "sha512-9GM9ECEHfR8lk5ASOKG4+4ZsEzFqLfhiryIJ2ISePVB92OHLp/yne4m+zn7z9dgvM98TLpiFebjDFQ0UHcqxXQ==",
      "license": "BSD-3-Clause",
      "dependencies": {
        "@hapi/boom": "^10.0.1"
      },
      "engines": {
        "node": ">=14.0.0"
      }
    },
    "node_modules/@hapi/file": {
      "version": "3.0.0",
      "resolved": "https://registry.npmjs.org/@hapi/file/-/file-3.0.0.tgz",
      "integrity": "sha512-w+lKW+yRrLhJu620jT3y+5g2mHqnKfepreykvdOcl9/6up8GrQQn+l3FRTsjHTKbkbfQFkuksHpdv2EcpKcJ4Q==",
      "license": "BSD-3-Clause"
    },
    "node_modules/@hapi/hapi": {
      "version": "21.3.12",
      "resolved": "https://registry.npmjs.org/@hapi/hapi/-/hapi-21.3.12.tgz",
      "integrity": "sha512-GCUP12dkb3QMjpFl+wEFO73nqKRmsnD5um/QDOn6lj2GjGBrDXPcT194mNARO+PPNXZOR4KmvIpHt/lceUncfg==",
      "license": "BSD-3-Clause",
      "dependencies": {
        "@hapi/accept": "^6.0.3",
        "@hapi/ammo": "^6.0.1",
        "@hapi/boom": "^10.0.1",
        "@hapi/bounce": "^3.0.2",
        "@hapi/call": "^9.0.1",
        "@hapi/catbox": "^12.1.1",
        "@hapi/catbox-memory": "^6.0.2",
        "@hapi/heavy": "^8.0.1",
        "@hapi/hoek": "^11.0.6",
        "@hapi/mimos": "^7.0.1",
        "@hapi/podium": "^5.0.1",
        "@hapi/shot": "^6.0.1",
        "@hapi/somever": "^4.1.1",
        "@hapi/statehood": "^8.1.1",
        "@hapi/subtext": "^8.1.0",
        "@hapi/teamwork": "^6.0.0",
        "@hapi/topo": "^6.0.2",
        "@hapi/validate": "^2.0.1"
      },
      "engines": {
        "node": ">=14.15.0"
      }
    },
    "node_modules/@hapi/heavy": {
      "version": "8.0.1",
      "resolved": "https://registry.npmjs.org/@hapi/heavy/-/heavy-8.0.1.tgz",
      "integrity": "sha512-gBD/NANosNCOp6RsYTsjo2vhr5eYA3BEuogk6cxY0QdhllkkTaJFYtTXv46xd6qhBVMbMMqcSdtqey+UQU3//w==",
      "license": "BSD-3-Clause",
      "dependencies": {
        "@hapi/boom": "^10.0.1",
        "@hapi/hoek": "^11.0.2",
        "@hapi/validate": "^2.0.1"
      }
    },
    "node_modules/@hapi/hoek": {
      "version": "11.0.7",
      "resolved": "https://registry.npmjs.org/@hapi/hoek/-/hoek-11.0.7.tgz",
      "integrity": "sha512-HV5undWkKzcB4RZUusqOpcgxOaq6VOAH7zhhIr2g3G8NF/MlFO75SjOr2NfuSx0Mh40+1FqCkagKLJRykUWoFQ==",
      "license": "BSD-3-Clause"
    },
    "node_modules/@hapi/iron": {
      "version": "7.0.1",
      "resolved": "https://registry.npmjs.org/@hapi/iron/-/iron-7.0.1.tgz",
      "integrity": "sha512-tEZnrOujKpS6jLKliyWBl3A9PaE+ppuL/+gkbyPPDb/l2KSKQyH4lhMkVb+sBhwN+qaxxlig01JRqB8dk/mPxQ==",
      "license": "BSD-3-Clause",
      "dependencies": {
        "@hapi/b64": "^6.0.1",
        "@hapi/boom": "^10.0.1",
        "@hapi/bourne": "^3.0.0",
        "@hapi/cryptiles": "^6.0.1",
        "@hapi/hoek": "^11.0.2"
      }
    },
    "node_modules/@hapi/mimos": {
      "version": "7.0.1",
      "resolved": "https://registry.npmjs.org/@hapi/mimos/-/mimos-7.0.1.tgz",
      "integrity": "sha512-b79V+BrG0gJ9zcRx1VGcCI6r6GEzzZUgiGEJVoq5gwzuB2Ig9Cax8dUuBauQCFKvl2YWSWyOc8mZ8HDaJOtkew==",
      "license": "BSD-3-Clause",
      "dependencies": {
        "@hapi/hoek": "^11.0.2",
        "mime-db": "^1.52.0"
      }
    },
    "node_modules/@hapi/nigel": {
      "version": "5.0.1",
      "resolved": "https://registry.npmjs.org/@hapi/nigel/-/nigel-5.0.1.tgz",
      "integrity": "sha512-uv3dtYuB4IsNaha+tigWmN8mQw/O9Qzl5U26Gm4ZcJVtDdB1AVJOwX3X5wOX+A07qzpEZnOMBAm8jjSqGsU6Nw==",
      "license": "BSD-3-Clause",
      "dependencies": {
        "@hapi/hoek": "^11.0.2",
        "@hapi/vise": "^5.0.1"
      },
      "engines": {
        "node": ">=14.0.0"
      }
    },
    "node_modules/@hapi/pez": {
      "version": "6.1.0",
      "resolved": "https://registry.npmjs.org/@hapi/pez/-/pez-6.1.0.tgz",
      "integrity": "sha512-+FE3sFPYuXCpuVeHQ/Qag1b45clR2o54QoonE/gKHv9gukxQ8oJJZPR7o3/ydDTK6racnCJXxOyT1T93FCJMIg==",
      "license": "BSD-3-Clause",
      "dependencies": {
        "@hapi/b64": "^6.0.1",
        "@hapi/boom": "^10.0.1",
        "@hapi/content": "^6.0.0",
        "@hapi/hoek": "^11.0.2",
        "@hapi/nigel": "^5.0.1"
      }
    },
    "node_modules/@hapi/podium": {
      "version": "5.0.2",
      "resolved": "https://registry.npmjs.org/@hapi/podium/-/podium-5.0.2.tgz",
      "integrity": "sha512-T7gf2JYHQQfEfewTQFbsaXoZxSvuXO/QBIGljucUQ/lmPnTTNAepoIKOakWNVWvo2fMEDjycu77r8k6dhreqHA==",
      "license": "BSD-3-Clause",
      "dependencies": {
        "@hapi/hoek": "^11.0.2",
        "@hapi/teamwork": "^6.0.0",
        "@hapi/validate": "^2.0.1"
      }
    },
    "node_modules/@hapi/shot": {
      "version": "6.0.1",
      "resolved": "https://registry.npmjs.org/@hapi/shot/-/shot-6.0.1.tgz",
      "integrity": "sha512-s5ynMKZXYoDd3dqPw5YTvOR/vjHvMTxc388+0qL0jZZP1+uwXuUD32o9DuuuLsmTlyXCWi02BJl1pBpwRuUrNA==",
      "license": "BSD-3-Clause",
      "dependencies": {
        "@hapi/hoek": "^11.0.2",
        "@hapi/validate": "^2.0.1"
      }
    },
    "node_modules/@hapi/somever": {
      "version": "4.1.1",
      "resolved": "https://registry.npmjs.org/@hapi/somever/-/somever-4.1.1.tgz",
      "integrity": "sha512-lt3QQiDDOVRatS0ionFDNrDIv4eXz58IibQaZQDOg4DqqdNme8oa0iPWcE0+hkq/KTeBCPtEOjDOBKBKwDumVg==",
      "license": "BSD-3-Clause",
      "dependencies": {
        "@hapi/bounce": "^3.0.1",
        "@hapi/hoek": "^11.0.2"
      }
    },
    "node_modules/@hapi/statehood": {
      "version": "8.1.1",
      "resolved": "https://registry.npmjs.org/@hapi/statehood/-/statehood-8.1.1.tgz",
      "integrity": "sha512-YbK7PSVUA59NArAW5Np0tKRoIZ5VNYUicOk7uJmWZF6XyH5gGL+k62w77SIJb0AoAJ0QdGQMCQ/WOGL1S3Ydow==",
      "license": "BSD-3-Clause",
      "dependencies": {
        "@hapi/boom": "^10.0.1",
        "@hapi/bounce": "^3.0.1",
        "@hapi/bourne": "^3.0.0",
        "@hapi/cryptiles": "^6.0.1",
        "@hapi/hoek": "^11.0.2",
        "@hapi/iron": "^7.0.1",
        "@hapi/validate": "^2.0.1"
      }
    },
    "node_modules/@hapi/subtext": {
      "version": "8.1.0",
      "resolved": "https://registry.npmjs.org/@hapi/subtext/-/subtext-8.1.0.tgz",
      "integrity": "sha512-PyaN4oSMtqPjjVxLny1k0iYg4+fwGusIhaom9B2StinBclHs7v46mIW706Y+Wo21lcgulGyXbQrmT/w4dus6ww==",
      "license": "BSD-3-Clause",
      "dependencies": {
        "@hapi/boom": "^10.0.1",
        "@hapi/bourne": "^3.0.0",
        "@hapi/content": "^6.0.0",
        "@hapi/file": "^3.0.0",
        "@hapi/hoek": "^11.0.2",
        "@hapi/pez": "^6.1.0",
        "@hapi/wreck": "^18.0.1"
      }
    },
    "node_modules/@hapi/teamwork": {
      "version": "6.0.0",
      "resolved": "https://registry.npmjs.org/@hapi/teamwork/-/teamwork-6.0.0.tgz",
      "integrity": "sha512-05HumSy3LWfXpmJ9cr6HzwhAavrHkJ1ZRCmNE2qJMihdM5YcWreWPfyN0yKT2ZjCM92au3ZkuodjBxOibxM67A==",
      "license": "BSD-3-Clause",
      "engines": {
        "node": ">=14.0.0"
      }
    },
    "node_modules/@hapi/topo": {
      "version": "6.0.2",
      "resolved": "https://registry.npmjs.org/@hapi/topo/-/topo-6.0.2.tgz",
      "integrity": "sha512-KR3rD5inZbGMrHmgPxsJ9dbi6zEK+C3ZwUwTa+eMwWLz7oijWUTWD2pMSNNYJAU6Qq+65NkxXjqHr/7LM2Xkqg==",
      "license": "BSD-3-Clause",
      "dependencies": {
        "@hapi/hoek": "^11.0.2"
      }
    },
    "node_modules/@hapi/validate": {
      "version": "2.0.1",
      "resolved": "https://registry.npmjs.org/@hapi/validate/-/validate-2.0.1.tgz",
      "integrity": "sha512-NZmXRnrSLK8MQ9y/CMqE9WSspgB9xA41/LlYR0k967aSZebWr4yNrpxIbov12ICwKy4APSlWXZga9jN5p6puPA==",
      "license": "BSD-3-Clause",
      "dependencies": {
        "@hapi/hoek": "^11.0.2",
        "@hapi/topo": "^6.0.1"
      }
    },
    "node_modules/@hapi/vise": {
      "version": "5.0.1",
      "resolved": "https://registry.npmjs.org/@hapi/vise/-/vise-5.0.1.tgz",
      "integrity": "sha512-XZYWzzRtINQLedPYlIkSkUr7m5Ddwlu99V9elh8CSygXstfv3UnWIXT0QD+wmR0VAG34d2Vx3olqcEhRRoTu9A==",
      "license": "BSD-3-Clause",
      "dependencies": {
        "@hapi/hoek": "^11.0.2"
      }
    },
    "node_modules/@hapi/wreck": {
      "version": "18.1.0",
      "resolved": "https://registry.npmjs.org/@hapi/wreck/-/wreck-18.1.0.tgz",
      "integrity": "sha512-0z6ZRCmFEfV/MQqkQomJ7sl/hyxvcZM7LtuVqN3vdAO4vM9eBbowl0kaqQj9EJJQab+3Uuh1GxbGIBFy4NfJ4w==",
      "license": "BSD-3-Clause",
      "dependencies": {
        "@hapi/boom": "^10.0.1",
        "@hapi/bourne": "^3.0.0",
        "@hapi/hoek": "^11.0.2"
      }
    },
    "node_modules/@libsql/client": {
      "version": "0.14.0",
      "resolved": "https://registry.npmjs.org/@libsql/client/-/client-0.14.0.tgz",
      "integrity": "sha512-/9HEKfn6fwXB5aTEEoMeFh4CtG0ZzbncBb1e++OCdVpgKZ/xyMsIVYXm0w7Pv4RUel803vE6LwniB3PqD72R0Q==",
      "license": "MIT",
      "dependencies": {
        "@libsql/core": "^0.14.0",
        "@libsql/hrana-client": "^0.7.0",
        "js-base64": "^3.7.5",
        "libsql": "^0.4.4",
        "promise-limit": "^2.7.0"
      }
    },
    "node_modules/@libsql/core": {
      "version": "0.14.0",
      "resolved": "https://registry.npmjs.org/@libsql/core/-/core-0.14.0.tgz",
      "integrity": "sha512-nhbuXf7GP3PSZgdCY2Ecj8vz187ptHlZQ0VRc751oB2C1W8jQUXKKklvt7t1LJiUTQBVJuadF628eUk+3cRi4Q==",
      "license": "MIT",
      "dependencies": {
        "js-base64": "^3.7.5"
      }
    },
    "node_modules/@libsql/darwin-arm64": {
      "version": "0.4.7",
      "resolved": "https://registry.npmjs.org/@libsql/darwin-arm64/-/darwin-arm64-0.4.7.tgz",
      "integrity": "sha512-yOL742IfWUlUevnI5PdnIT4fryY3LYTdLm56bnY0wXBw7dhFcnjuA7jrH3oSVz2mjZTHujxoITgAE7V6Z+eAbg==",
      "cpu": [
        "arm64"
      ],
      "license": "MIT",
      "optional": true,
      "os": [
        "darwin"
      ]
    },
    "node_modules/@libsql/darwin-x64": {
      "version": "0.4.7",
      "resolved": "https://registry.npmjs.org/@libsql/darwin-x64/-/darwin-x64-0.4.7.tgz",
      "integrity": "sha512-ezc7V75+eoyyH07BO9tIyJdqXXcRfZMbKcLCeF8+qWK5nP8wWuMcfOVywecsXGRbT99zc5eNra4NEx6z5PkSsA==",
      "cpu": [
        "x64"
      ],
      "license": "MIT",
      "optional": true,
      "os": [
        "darwin"
      ]
    },
    "node_modules/@libsql/hrana-client": {
      "version": "0.7.0",
      "resolved": "https://registry.npmjs.org/@libsql/hrana-client/-/hrana-client-0.7.0.tgz",
      "integrity": "sha512-OF8fFQSkbL7vJY9rfuegK1R7sPgQ6kFMkDamiEccNUvieQ+3urzfDFI616oPl8V7T9zRmnTkSjMOImYCAVRVuw==",
      "license": "MIT",
      "dependencies": {
        "@libsql/isomorphic-fetch": "^0.3.1",
        "@libsql/isomorphic-ws": "^0.1.5",
        "js-base64": "^3.7.5",
        "node-fetch": "^3.3.2"
      }
    },
    "node_modules/@libsql/isomorphic-fetch": {
      "version": "0.3.1",
      "resolved": "https://registry.npmjs.org/@libsql/isomorphic-fetch/-/isomorphic-fetch-0.3.1.tgz",
      "integrity": "sha512-6kK3SUK5Uu56zPq/Las620n5aS9xJq+jMBcNSOmjhNf/MUvdyji4vrMTqD7ptY7/4/CAVEAYDeotUz60LNQHtw==",
      "license": "MIT",
      "engines": {
        "node": ">=18.0.0"
      }
    },
    "node_modules/@libsql/isomorphic-ws": {
      "version": "0.1.5",
      "resolved": "https://registry.npmjs.org/@libsql/isomorphic-ws/-/isomorphic-ws-0.1.5.tgz",
      "integrity": "sha512-DtLWIH29onUYR00i0GlQ3UdcTRC6EP4u9w/h9LxpUZJWRMARk6dQwZ6Jkd+QdwVpuAOrdxt18v0K2uIYR3fwFg==",
      "license": "MIT",
      "dependencies": {
        "@types/ws": "^8.5.4",
        "ws": "^8.13.0"
      }
    },
    "node_modules/@libsql/linux-arm64-gnu": {
      "version": "0.4.7",
      "resolved": "https://registry.npmjs.org/@libsql/linux-arm64-gnu/-/linux-arm64-gnu-0.4.7.tgz",
      "integrity": "sha512-WlX2VYB5diM4kFfNaYcyhw5y+UJAI3xcMkEUJZPtRDEIu85SsSFrQ+gvoKfcVh76B//ztSeEX2wl9yrjF7BBCA==",
      "cpu": [
        "arm64"
      ],
      "license": "MIT",
      "optional": true,
      "os": [
        "linux"
      ]
    },
    "node_modules/@libsql/linux-arm64-musl": {
      "version": "0.4.7",
      "resolved": "https://registry.npmjs.org/@libsql/linux-arm64-musl/-/linux-arm64-musl-0.4.7.tgz",
      "integrity": "sha512-6kK9xAArVRlTCpWeqnNMCoXW1pe7WITI378n4NpvU5EJ0Ok3aNTIC2nRPRjhro90QcnmLL1jPcrVwO4WD1U0xw==",
      "cpu": [
        "arm64"
      ],
      "license": "MIT",
      "optional": true,
      "os": [
        "linux"
      ]
    },
    "node_modules/@libsql/linux-x64-gnu": {
      "version": "0.4.7",
      "resolved": "https://registry.npmjs.org/@libsql/linux-x64-gnu/-/linux-x64-gnu-0.4.7.tgz",
      "integrity": "sha512-CMnNRCmlWQqqzlTw6NeaZXzLWI8bydaXDke63JTUCvu8R+fj/ENsLrVBtPDlxQ0wGsYdXGlrUCH8Qi9gJep0yQ==",
      "cpu": [
        "x64"
      ],
      "license": "MIT",
      "optional": true,
      "os": [
        "linux"
      ]
    },
    "node_modules/@libsql/linux-x64-musl": {
      "version": "0.4.7",
      "resolved": "https://registry.npmjs.org/@libsql/linux-x64-musl/-/linux-x64-musl-0.4.7.tgz",
      "integrity": "sha512-nI6tpS1t6WzGAt1Kx1n1HsvtBbZ+jHn0m7ogNNT6pQHZQj7AFFTIMeDQw/i/Nt5H38np1GVRNsFe99eSIMs9XA==",
      "cpu": [
        "x64"
      ],
      "license": "MIT",
      "optional": true,
      "os": [
        "linux"
      ]
    },
    "node_modules/@libsql/win32-x64-msvc": {
      "version": "0.4.7",
      "resolved": "https://registry.npmjs.org/@libsql/win32-x64-msvc/-/win32-x64-msvc-0.4.7.tgz",
      "integrity": "sha512-7pJzOWzPm6oJUxml+PCDRzYQ4A1hTMHAciTAHfFK4fkbDZX33nWPVG7Y3vqdKtslcwAzwmrNDc6sXy2nwWnbiw==",
      "cpu": [
        "x64"
      ],
      "license": "MIT",
      "optional": true,
      "os": [
        "win32"
      ]
    },
    "node_modules/@neon-rs/load": {
      "version": "0.0.4",
      "resolved": "https://registry.npmjs.org/@neon-rs/load/-/load-0.0.4.tgz",
      "integrity": "sha512-kTPhdZyTQxB+2wpiRcFWrDcejc4JI6tkPuS7UZCG4l6Zvc5kU/gGQ/ozvHTh1XR5tS+UlfAfGuPajjzQjCiHCw==",
      "license": "MIT"
    },
    "node_modules/@types/node": {
      "version": "22.13.1",
      "resolved": "https://registry.npmjs.org/@types/node/-/node-22.13.1.tgz",
      "integrity": "sha512-jK8uzQlrvXqEU91UxiK5J7pKHyzgnI1Qnl0QDHIgVGuolJhRb9EEl28Cj9b3rGR8B2lhFCtvIm5os8lFnO/1Ew==",
      "license": "MIT",
      "dependencies": {
        "undici-types": "~6.20.0"
      }
    },
    "node_modules/@types/ws": {
      "version": "8.5.14",
      "resolved": "https://registry.npmjs.org/@types/ws/-/ws-8.5.14.tgz",
      "integrity": "sha512-bd/YFLW+URhBzMXurx7lWByOu+xzU9+kb3RboOteXYDfW+tr+JZa99OyNmPINEGB/ahzKrEuc8rcv4gnpJmxTw==",
      "license": "MIT",
      "dependencies": {
        "@types/node": "*"
      }
    },
    "node_modules/data-uri-to-buffer": {
      "version": "4.0.1",
      "resolved": "https://registry.npmjs.org/data-uri-to-buffer/-/data-uri-to-buffer-4.0.1.tgz",
      "integrity": "sha512-0R9ikRb668HB7QDxT1vkpuUBtqc53YyAwMwGeUFKRojY/NWKvdZ+9UYtRfGmhqNbRkTSVpMbmyhXipFFv2cb/A==",
      "license": "MIT",
      "engines": {
        "node": ">= 12"
      }
    },
    "node_modules/detect-libc": {
      "version": "2.0.2",
      "resolved": "https://registry.npmjs.org/detect-libc/-/detect-libc-2.0.2.tgz",
      "integrity": "sha512-UX6sGumvvqSaXgdKGUsgZWqcUyIXZ/vZTrlRT/iobiKhGL0zL4d3osHj3uqllWJK+i+sixDS/3COVEOFbupFyw==",
      "license": "Apache-2.0",
      "engines": {
        "node": ">=8"
      }
    },
    "node_modules/fetch-blob": {
      "version": "3.2.0",
      "resolved": "https://registry.npmjs.org/fetch-blob/-/fetch-blob-3.2.0.tgz",
      "integrity": "sha512-7yAQpD2UMJzLi1Dqv7qFYnPbaPx7ZfFK6PiIxQ4PfkGPyNyl2Ugx+a/umUonmKqjhM4DnfbMvdX6otXq83soQQ==",
      "funding": [
        {
          "type": "github",
          "url": "https://github.com/sponsors/jimmywarting"
        },
        {
          "type": "paypal",
          "url": "https://paypal.me/jimmywarting"
        }
      ],
      "license": "MIT",
      "dependencies": {
        "node-domexception": "^1.0.0",
        "web-streams-polyfill": "^3.0.3"
      },
      "engines": {
        "node": "^12.20 || >= 14.13"
      }
    },
    "node_modules/formdata-polyfill": {
      "version": "4.0.10",
      "resolved": "https://registry.npmjs.org/formdata-polyfill/-/formdata-polyfill-4.0.10.tgz",
      "integrity": "sha512-buewHzMvYL29jdeQTVILecSaZKnt/RJWjoZCF5OW60Z67/GmSLBkOFM7qh1PI3zFNtJbaZL5eQu1vLfazOwj4g==",
      "license": "MIT",
      "dependencies": {
        "fetch-blob": "^3.1.2"
      },
      "engines": {
        "node": ">=12.20.0"
      }
    },
    "node_modules/js-base64": {
      "version": "3.7.7",
      "resolved": "https://registry.npmjs.org/js-base64/-/js-base64-3.7.7.tgz",
      "integrity": "sha512-7rCnleh0z2CkXhH67J8K1Ytz0b2Y+yxTPL+/KOJoa20hfnVQ/3/T6W/KflYI4bRHRagNeXeU2bkNGI3v1oS/lw==",
      "license": "BSD-3-Clause"
    },
    "node_modules/libsql": {
      "version": "0.4.7",
      "resolved": "https://registry.npmjs.org/libsql/-/libsql-0.4.7.tgz",
      "integrity": "sha512-T9eIRCs6b0J1SHKYIvD8+KCJMcWZ900iZyxdnSCdqxN12Z1ijzT+jY5nrk72Jw4B0HGzms2NgpryArlJqvc3Lw==",
      "cpu": [
        "x64",
        "arm64",
        "wasm32"
      ],
      "license": "MIT",
      "os": [
        "darwin",
        "linux",
        "win32"
      ],
      "dependencies": {
        "@neon-rs/load": "^0.0.4",
        "detect-libc": "2.0.2"
      },
      "optionalDependencies": {
        "@libsql/darwin-arm64": "0.4.7",
        "@libsql/darwin-x64": "0.4.7",
        "@libsql/linux-arm64-gnu": "0.4.7",
        "@libsql/linux-arm64-musl": "0.4.7",
        "@libsql/linux-x64-gnu": "0.4.7",
        "@libsql/linux-x64-musl": "0.4.7",
        "@libsql/win32-x64-msvc": "0.4.7"
      }
    },
    "node_modules/mime-db": {
      "version": "1.53.0",
      "resolved": "https://registry.npmjs.org/mime-db/-/mime-db-1.53.0.tgz",
      "integrity": "sha512-oHlN/w+3MQ3rba9rqFr6V/ypF10LSkdwUysQL7GkXoTgIWeV+tcXGA852TBxH+gsh8UWoyhR1hKcoMJTuWflpg==",
      "license": "MIT",
      "engines": {
        "node": ">= 0.6"
      }
    },
    "node_modules/node-domexception": {
      "version": "1.0.0",
      "resolved": "https://registry.npmjs.org/node-domexception/-/node-domexception-1.0.0.tgz",
      "integrity": "sha512-/jKZoMpw0F8GRwl4/eLROPA3cfcXtLApP0QzLmUT/HuPCZWyB7IY9ZrMeKw2O/nFIqPQB3PVM9aYm0F312AXDQ==",
      "funding": [
        {
          "type": "github",
          "url": "https://github.com/sponsors/jimmywarting"
        },
        {
          "type": "github",
          "url": "https://paypal.me/jimmywarting"
        }
      ],
      "license": "MIT",
      "engines": {
        "node": ">=10.5.0"
      }
    },
    "node_modules/node-fetch": {
      "version": "3.3.2",
      "resolved": "https://registry.npmjs.org/node-fetch/-/node-fetch-3.3.2.tgz",
      "integrity": "sha512-dRB78srN/l6gqWulah9SrxeYnxeddIG30+GOqK/9OlLVyLg3HPnr6SqOWTWOXKRwC2eGYCkZ59NNuSgvSrpgOA==",
      "license": "MIT",
      "dependencies": {
        "data-uri-to-buffer": "^4.0.0",
        "fetch-blob": "^3.1.4",
        "formdata-polyfill": "^4.0.10"
      },
      "engines": {
        "node": "^12.20.0 || ^14.13.1 || >=16.0.0"
      },
      "funding": {
        "type": "opencollective",
        "url": "https://opencollective.com/node-fetch"
      }
    },
    "node_modules/promise-limit": {
      "version": "2.7.0",
      "resolved": "https://registry.npmjs.org/promise-limit/-/promise-limit-2.7.0.tgz",
      "integrity": "sha512-7nJ6v5lnJsXwGprnGXga4wx6d1POjvi5Qmf1ivTRxTjH4Z/9Czja/UCMLVmB9N93GeWOU93XaFaEt6jbuoagNw==",
      "license": "ISC"
    },
    "node_modules/undici-types": {
      "version": "6.20.0",
      "resolved": "https://registry.npmjs.org/undici-types/-/undici-types-6.20.0.tgz",
      "integrity": "sha512-Ny6QZ2Nju20vw1SRHe3d9jVu6gJ+4e3+MMpqu7pqE5HT6WsTSlce++GQmK5UXS8mzV8DSYHrQH+Xrf2jVcuKNg==",
      "license": "MIT"
    },
    "node_modules/web-streams-polyfill": {
      "version": "3.3.3",
      "resolved": "https://registry.npmjs.org/web-streams-polyfill/-/web-streams-polyfill-3.3.3.tgz",
      "integrity": "sha512-d2JWLCivmZYTSIoge9MsgFCZrt571BikcWGYkjC1khllbTeDlGqZ2D8vD8E/lJa8WGWbb7Plm8/XJYV7IJHZZw==",
      "license": "MIT",
      "engines": {
        "node": ">= 8"
      }
    },
    "node_modules/ws": {
      "version": "8.18.0",
      "resolved": "https://registry.npmjs.org/ws/-/ws-8.18.0.tgz",
      "integrity": "sha512-8VbfWfHLbbwu3+N6OKsOMpBdT4kXPDDB9cJk2bJ6mh9ucxdlnNvH1e+roYkKmN9Nxw2yjz7VzeO9oOz2zJ04Pw==",
      "license": "MIT",
      "engines": {
        "node": ">=10.0.0"
      },
      "peerDependencies": {
        "bufferutil": "^4.0.1",
        "utf-8-validate": ">=5.0.2"
      },
      "peerDependenciesMeta": {
        "bufferutil": {
          "optional": true
        },
        "utf-8-validate": {
          "optional": true
        }
      }
    }
  }
}
