{
  "name": "hono-prisma",
  "lockfileVersion": 3,
  "requires": true,
  "packages": {
    "": {
      "name": "hono-prisma",
      "dependencies": {
        "@aikidosec/firewall": "file:../../build",
        "@hono/node-server": "^1.11.2",
        "@prisma/client": "^6.0.1",
        "hono": "^4.6.8"
      },
      "devDependencies": {
        "prisma": "^6.0.1"
      }
    },
    "../../build": {
      "name": "@aikidosec/firewall",
      "version": "0.0.0",
      "license": "AGPL-3.0-or-later",
      "engines": {
        "node": ">=16"
      }
    },
    "node_modules/@aikidosec/firewall": {
      "resolved": "../../build",
      "link": true
    },
    "node_modules/@hono/node-server": {
      "version": "1.14.3",
      "resolved": "https://registry.npmjs.org/@hono/node-server/-/node-server-1.14.3.tgz",
      "integrity": "sha512-KuDMwwghtFYSmIpr4WrKs1VpelTrptvJ+6x6mbUcZnFcc213cumTF5BdqfHyW93B19TNI4Vaev14vOI2a0Ie3w==",
      "license": "MIT",
      "engines": {
        "node": ">=18.14.1"
      },
      "peerDependencies": {
        "hono": "^4"
      }
    },
    "node_modules/@prisma/client": {
      "version": "6.0.1",
      "resolved": "https://registry.npmjs.org/@prisma/client/-/client-6.0.1.tgz",
      "integrity": "sha512-60w7kL6bUxz7M6Gs/V+OWMhwy94FshpngVmOY05TmGD0Lhk+Ac0ZgtjlL6Wll9TD4G03t4Sq1wZekNVy+Xdlbg==",
      "hasInstallScript": true,
      "engines": {
        "node": ">=18.18"
      },
      "peerDependencies": {
        "prisma": "*"
      },
      "peerDependenciesMeta": {
        "prisma": {
          "optional": true
        }
      }
    },
    "node_modules/@prisma/debug": {
      "version": "6.0.1",
      "resolved": "https://registry.npmjs.org/@prisma/debug/-/debug-6.0.1.tgz",
      "integrity": "sha512-jQylgSOf7ibTVxqBacnAlVGvek6fQxJIYCQOeX2KexsfypNzXjJQSS2o5s+Mjj2Np93iSOQUaw6TvPj8syhG4w==",
      "devOptional": true
    },
    "node_modules/@prisma/engines": {
      "version": "6.0.1",
      "resolved": "https://registry.npmjs.org/@prisma/engines/-/engines-6.0.1.tgz",
      "integrity": "sha512-4hxzI+YQIR2uuDyVsDooFZGu5AtixbvM2psp+iayDZ4hRrAHo/YwgA17N23UWq7G6gRu18NvuNMb48qjP3DPQw==",
      "devOptional": true,
      "hasInstallScript": true,
      "dependencies": {
        "@prisma/debug": "6.0.1",
        "@prisma/engines-version": "5.23.0-27.5dbef10bdbfb579e07d35cc85fb1518d357cb99e",
        "@prisma/fetch-engine": "6.0.1",
        "@prisma/get-platform": "6.0.1"
      }
    },
    "node_modules/@prisma/engines-version": {
      "version": "5.23.0-27.5dbef10bdbfb579e07d35cc85fb1518d357cb99e",
      "resolved": "https://registry.npmjs.org/@prisma/engines-version/-/engines-version-5.23.0-27.5dbef10bdbfb579e07d35cc85fb1518d357cb99e.tgz",
      "integrity": "sha512-JmIds0Q2/vsOmnuTJYxY4LE+sajqjYKhLtdOT6y4imojqv5d/aeVEfbBGC74t8Be1uSp0OP8lxIj2OqoKbLsfQ==",
      "devOptional": true
    },
    "node_modules/@prisma/fetch-engine": {
      "version": "6.0.1",
      "resolved": "https://registry.npmjs.org/@prisma/fetch-engine/-/fetch-engine-6.0.1.tgz",
      "integrity": "sha512-T36bWFVGeGYYSyYOj9d+O9G3sBC+pAyMC+jc45iSL63/Haq1GrYjQPgPMxrEj9m739taXrupoysRedQ+VyvM/Q==",
      "devOptional": true,
      "dependencies": {
        "@prisma/debug": "6.0.1",
        "@prisma/engines-version": "5.23.0-27.5dbef10bdbfb579e07d35cc85fb1518d357cb99e",
        "@prisma/get-platform": "6.0.1"
      }
    },
    "node_modules/@prisma/get-platform": {
      "version": "6.0.1",
      "resolved": "https://registry.npmjs.org/@prisma/get-platform/-/get-platform-6.0.1.tgz",
      "integrity": "sha512-zspC9vlxAqx4E6epMPMLLBMED2VD8axDe8sPnquZ8GOsn6tiacWK0oxrGK4UAHYzYUVuMVUApJbdXB2dFpLhvg==",
      "devOptional": true,
      "dependencies": {
        "@prisma/debug": "6.0.1"
      }
    },
    "node_modules/fsevents": {
      "version": "2.3.3",
      "resolved": "https://registry.npmjs.org/fsevents/-/fsevents-2.3.3.tgz",
      "integrity": "sha512-5xoDfX+fL7faATnagmWPpbFtwh/R77WmMMqqHGS65C3vvB0YHrgF+B1YmZ3441tMj5n63k0212XNoJwzlhffQw==",
      "dev": true,
      "hasInstallScript": true,
      "license": "MIT",
      "optional": true,
      "os": [
        "darwin"
      ],
      "engines": {
        "node": "^8.16.0 || ^10.6.0 || >=11.0.0"
      }
    },
    "node_modules/hono": {
      "version": "4.10.2",
      "resolved": "https://registry.npmjs.org/hono/-/hono-4.10.2.tgz",
      "integrity": "sha512-p6fyzl+mQo6uhESLxbF5WlBOAJMDh36PljwlKtP5V1v09NxlqGru3ShK+4wKhSuhuYf8qxMmrivHOa/M7q0sMg==",
      "license": "MIT",
      "peer": true,
      "engines": {
        "node": ">=16.9.0"
      }
    },
    "node_modules/prisma": {
      "version": "6.0.1",
      "resolved": "https://registry.npmjs.org/prisma/-/prisma-6.0.1.tgz",
      "integrity": "sha512-CaMNFHkf+DDq8zq3X/JJsQ4Koy7dyWwwtOKibkT/Am9j/tDxcfbg7+lB1Dzhx18G/+RQCMgjPYB61bhRqteNBQ==",
      "devOptional": true,
      "hasInstallScript": true,
      "peer": true,
      "dependencies": {
        "@prisma/engines": "6.0.1"
      },
      "bin": {
        "prisma": "build/index.js"
      },
      "engines": {
        "node": ">=18.18"
      },
      "optionalDependencies": {
        "fsevents": "2.3.3"
      }
    }
  }
}
